// !$*UTF8*$!
{
	archiveVersion = 1;
	classes = {
	};
	objectVersion = 56;
	objects = {

/* Begin PBXBuildFile section */
		AD00901529A490D100FDB1D3 /* Deal.swift in Sources */ = {isa = PBXBuildFile; fileRef = AD00901429A490D100FDB1D3 /* Deal.swift */; };
		AD00901D29A58C8300FDB1D3 /* FeedView.swift in Sources */ = {isa = PBXBuildFile; fileRef = AD00901C29A58C8300FDB1D3 /* FeedView.swift */; };
		AD00902129A58CC600FDB1D3 /* FeedViewModel.swift in Sources */ = {isa = PBXBuildFile; fileRef = AD00902029A58CC600FDB1D3 /* FeedViewModel.swift */; };
		AD80720829A8855C007E263D /* Deal_ioApp.swift in Sources */ = {isa = PBXBuildFile; fileRef = AD80720729A8855C007E263D /* Deal_ioApp.swift */; };
		AD8F1DBC29AD93AA001DBAC1 /* DealService.swift in Sources */ = {isa = PBXBuildFile; fileRef = AD8F1DBB29AD93AA001DBAC1 /* DealService.swift */; };
		ADA633C129B2F4010032EF44 /* DailyButton.swift in Sources */ = {isa = PBXBuildFile; fileRef = ADA633C029B2F4000032EF44 /* DailyButton.swift */; };
		ADA633C329B2F40C0032EF44 /* UpcomingButton.swift in Sources */ = {isa = PBXBuildFile; fileRef = ADA633C229B2F40C0032EF44 /* UpcomingButton.swift */; };
		ADA633C529B2F5610032EF44 /* HourView.swift in Sources */ = {isa = PBXBuildFile; fileRef = ADA633C429B2F5610032EF44 /* HourView.swift */; };
		ADA633CD29B6AA4A0032EF44 /* CreateDealResponse.swift in Sources */ = {isa = PBXBuildFile; fileRef = ADA633CC29B6AA4A0032EF44 /* CreateDealResponse.swift */; };
		ADA633CF29B7CA8F0032EF44 /* DealViewModel.swift in Sources */ = {isa = PBXBuildFile; fileRef = ADA633CE29B7CA8F0032EF44 /* DealViewModel.swift */; };
		ADA633D129B7FED30032EF44 /* UpcomingDayView.swift in Sources */ = {isa = PBXBuildFile; fileRef = ADA633D029B7FED30032EF44 /* UpcomingDayView.swift */; };
		ADA633D729B930240032EF44 /* DateUtil.swift in Sources */ = {isa = PBXBuildFile; fileRef = ADA633D629B930240032EF44 /* DateUtil.swift */; };
		ADC4D48E299807E700B7BD24 /* Assets.xcassets in Resources */ = {isa = PBXBuildFile; fileRef = ADC4D48D299807E700B7BD24 /* Assets.xcassets */; };
		ADC4D493299807E700B7BD24 /* Persistence.swift in Sources */ = {isa = PBXBuildFile; fileRef = ADC4D492299807E700B7BD24 /* Persistence.swift */; };
		ADC4D496299807E700B7BD24 /* deal_io_user.xcdatamodeld in Sources */ = {isa = PBXBuildFile; fileRef = ADC4D494299807E700B7BD24 /* deal_io_user.xcdatamodeld */; };
		ADD3190029B15AC700800A46 /* test in Resources */ = {isa = PBXBuildFile; fileRef = ADD318FF29B15AC700800A46 /* test */; };
		ADF0BBEC29A9F6F400FF24F6 /* DealView.swift in Sources */ = {isa = PBXBuildFile; fileRef = ADF0BBEB29A9F6F400FF24F6 /* DealView.swift */; };
		ADF0BBEE29A9FE0200FF24F6 /* ExpandedDealView.swift in Sources */ = {isa = PBXBuildFile; fileRef = ADF0BBED29A9FE0200FF24F6 /* ExpandedDealView.swift */; };
		ADF0BBF229AAEC1800FF24F6 /* Deal-ioColor.swift in Sources */ = {isa = PBXBuildFile; fileRef = ADF0BBF129AAEC1800FF24F6 /* Deal-ioColor.swift */; };
		ADF6876129AE63E600E86022 /* FirebaseAnalytics in Frameworks */ = {isa = PBXBuildFile; productRef = ADF6876029AE63E600E86022 /* FirebaseAnalytics */; };
		ADF6876329AE63E600E86022 /* FirebaseAnalyticsOnDeviceConversion in Frameworks */ = {isa = PBXBuildFile; productRef = ADF6876229AE63E600E86022 /* FirebaseAnalyticsOnDeviceConversion */; };
		ADF6876529AE63E600E86022 /* FirebaseAnalyticsSwift in Frameworks */ = {isa = PBXBuildFile; productRef = ADF6876429AE63E600E86022 /* FirebaseAnalyticsSwift */; };
		ADF6876729AE63E600E86022 /* FirebaseAnalyticsWithoutAdIdSupport in Frameworks */ = {isa = PBXBuildFile; productRef = ADF6876629AE63E600E86022 /* FirebaseAnalyticsWithoutAdIdSupport */; };
		ADF6876929AE63E600E86022 /* FirebaseAppCheck in Frameworks */ = {isa = PBXBuildFile; productRef = ADF6876829AE63E600E86022 /* FirebaseAppCheck */; };
		ADF6876B29AE63E600E86022 /* FirebaseAppDistribution-Beta in Frameworks */ = {isa = PBXBuildFile; productRef = ADF6876A29AE63E600E86022 /* FirebaseAppDistribution-Beta */; };
		ADF6876D29AE63E600E86022 /* FirebaseAuth in Frameworks */ = {isa = PBXBuildFile; productRef = ADF6876C29AE63E600E86022 /* FirebaseAuth */; };
		ADF6876F29AE63E600E86022 /* FirebaseAuthCombine-Community in Frameworks */ = {isa = PBXBuildFile; productRef = ADF6876E29AE63E600E86022 /* FirebaseAuthCombine-Community */; };
		ADF6877129AE63E600E86022 /* FirebaseCrashlytics in Frameworks */ = {isa = PBXBuildFile; productRef = ADF6877029AE63E600E86022 /* FirebaseCrashlytics */; };
		ADF6877329AE63E600E86022 /* FirebaseDatabase in Frameworks */ = {isa = PBXBuildFile; productRef = ADF6877229AE63E600E86022 /* FirebaseDatabase */; };
		ADF6877529AE63E600E86022 /* FirebaseDatabaseSwift in Frameworks */ = {isa = PBXBuildFile; productRef = ADF6877429AE63E600E86022 /* FirebaseDatabaseSwift */; };
		ADF6877729AE63E600E86022 /* FirebaseDynamicLinks in Frameworks */ = {isa = PBXBuildFile; productRef = ADF6877629AE63E600E86022 /* FirebaseDynamicLinks */; };
		ADF6877929AE63E600E86022 /* FirebaseFirestore in Frameworks */ = {isa = PBXBuildFile; productRef = ADF6877829AE63E600E86022 /* FirebaseFirestore */; };
		ADF6877B29AE63E600E86022 /* FirebaseFirestoreCombine-Community in Frameworks */ = {isa = PBXBuildFile; productRef = ADF6877A29AE63E600E86022 /* FirebaseFirestoreCombine-Community */; };
		ADF6877D29AE63E600E86022 /* FirebaseFirestoreSwift in Frameworks */ = {isa = PBXBuildFile; productRef = ADF6877C29AE63E600E86022 /* FirebaseFirestoreSwift */; };
		ADF6877F29AE63E600E86022 /* FirebaseFunctions in Frameworks */ = {isa = PBXBuildFile; productRef = ADF6877E29AE63E600E86022 /* FirebaseFunctions */; };
		ADF6878129AE63E600E86022 /* FirebaseFunctionsCombine-Community in Frameworks */ = {isa = PBXBuildFile; productRef = ADF6878029AE63E600E86022 /* FirebaseFunctionsCombine-Community */; };
		ADF6878329AE63E600E86022 /* FirebaseInAppMessaging-Beta in Frameworks */ = {isa = PBXBuildFile; productRef = ADF6878229AE63E600E86022 /* FirebaseInAppMessaging-Beta */; };
		ADF6878529AE63E600E86022 /* FirebaseInAppMessagingSwift-Beta in Frameworks */ = {isa = PBXBuildFile; productRef = ADF6878429AE63E600E86022 /* FirebaseInAppMessagingSwift-Beta */; };
		ADF6878729AE63E600E86022 /* FirebaseInstallations in Frameworks */ = {isa = PBXBuildFile; productRef = ADF6878629AE63E600E86022 /* FirebaseInstallations */; };
		ADF6878929AE63E600E86022 /* FirebaseMLModelDownloader in Frameworks */ = {isa = PBXBuildFile; productRef = ADF6878829AE63E600E86022 /* FirebaseMLModelDownloader */; };
		ADF6878B29AE63E600E86022 /* FirebaseMessaging in Frameworks */ = {isa = PBXBuildFile; productRef = ADF6878A29AE63E600E86022 /* FirebaseMessaging */; };
		ADF6878D29AE63E600E86022 /* FirebasePerformance in Frameworks */ = {isa = PBXBuildFile; productRef = ADF6878C29AE63E600E86022 /* FirebasePerformance */; };
		ADF6878F29AE63E600E86022 /* FirebaseRemoteConfig in Frameworks */ = {isa = PBXBuildFile; productRef = ADF6878E29AE63E600E86022 /* FirebaseRemoteConfig */; };
		ADF6879129AE63E600E86022 /* FirebaseRemoteConfigSwift in Frameworks */ = {isa = PBXBuildFile; productRef = ADF6879029AE63E600E86022 /* FirebaseRemoteConfigSwift */; };
		ADF6879329AE63E600E86022 /* FirebaseStorage in Frameworks */ = {isa = PBXBuildFile; productRef = ADF6879229AE63E600E86022 /* FirebaseStorage */; };
		ADF6879529AE63E600E86022 /* FirebaseStorageCombine-Community in Frameworks */ = {isa = PBXBuildFile; productRef = ADF6879429AE63E600E86022 /* FirebaseStorageCombine-Community */; };
		ADF687A029AED67600E86022 /* WelcomeView.swift in Sources */ = {isa = PBXBuildFile; fileRef = ADF6879F29AED67600E86022 /* WelcomeView.swift */; };
		ADF687A229AEDB5600E86022 /* User.swift in Sources */ = {isa = PBXBuildFile; fileRef = ADF687A129AEDB5600E86022 /* User.swift */; };
		ADF687A429AEDB7500E86022 /* WelcomeViewModel.swift in Sources */ = {isa = PBXBuildFile; fileRef = ADF687A329AEDB7500E86022 /* WelcomeViewModel.swift */; };
		ADF687A629AEEA1000E86022 /* DailyView.swift in Sources */ = {isa = PBXBuildFile; fileRef = ADF687A529AEEA0F00E86022 /* DailyView.swift */; };
		ADF687A829AEEA1B00E86022 /* UpcomingView.swift in Sources */ = {isa = PBXBuildFile; fileRef = ADF687A729AEEA1B00E86022 /* UpcomingView.swift */; };
		ADF687AA29AEF31900E86022 /* ContractedDealView.swift in Sources */ = {isa = PBXBuildFile; fileRef = ADF687A929AEF31900E86022 /* ContractedDealView.swift */; };
		ADF687FB29B001C800E86022 /* ContentView.swift in Sources */ = {isa = PBXBuildFile; fileRef = ADF687FA29B001C800E86022 /* ContentView.swift */; };
/* End PBXBuildFile section */

/* Begin PBXFileReference section */
		AD00901429A490D100FDB1D3 /* Deal.swift */ = {isa = PBXFileReference; lastKnownFileType = sourcecode.swift; path = Deal.swift; sourceTree = "<group>"; };
		AD00901C29A58C8300FDB1D3 /* FeedView.swift */ = {isa = PBXFileReference; lastKnownFileType = sourcecode.swift; path = FeedView.swift; sourceTree = "<group>"; };
		AD00902029A58CC600FDB1D3 /* FeedViewModel.swift */ = {isa = PBXFileReference; lastKnownFileType = sourcecode.swift; path = FeedViewModel.swift; sourceTree = "<group>"; };
		AD80720729A8855C007E263D /* Deal_ioApp.swift */ = {isa = PBXFileReference; lastKnownFileType = sourcecode.swift; path = Deal_ioApp.swift; sourceTree = "<group>"; };
		AD8F1DBB29AD93AA001DBAC1 /* DealService.swift */ = {isa = PBXFileReference; lastKnownFileType = sourcecode.swift; path = DealService.swift; sourceTree = "<group>"; };
		ADA633C029B2F4000032EF44 /* DailyButton.swift */ = {isa = PBXFileReference; lastKnownFileType = sourcecode.swift; path = DailyButton.swift; sourceTree = "<group>"; };
		ADA633C229B2F40C0032EF44 /* UpcomingButton.swift */ = {isa = PBXFileReference; lastKnownFileType = sourcecode.swift; path = UpcomingButton.swift; sourceTree = "<group>"; };
		ADA633C429B2F5610032EF44 /* HourView.swift */ = {isa = PBXFileReference; lastKnownFileType = sourcecode.swift; path = HourView.swift; sourceTree = "<group>"; };
		ADA633CC29B6AA4A0032EF44 /* CreateDealResponse.swift */ = {isa = PBXFileReference; lastKnownFileType = sourcecode.swift; path = CreateDealResponse.swift; sourceTree = "<group>"; };
		ADA633CE29B7CA8F0032EF44 /* DealViewModel.swift */ = {isa = PBXFileReference; lastKnownFileType = sourcecode.swift; path = DealViewModel.swift; sourceTree = "<group>"; };
		ADA633D029B7FED30032EF44 /* UpcomingDayView.swift */ = {isa = PBXFileReference; lastKnownFileType = sourcecode.swift; path = UpcomingDayView.swift; sourceTree = "<group>"; };
		ADA633D629B930240032EF44 /* DateUtil.swift */ = {isa = PBXFileReference; lastKnownFileType = sourcecode.swift; path = DateUtil.swift; sourceTree = "<group>"; };
		ADC4D486299807E500B7BD24 /* deal.io_user.app */ = {isa = PBXFileReference; explicitFileType = wrapper.application; includeInIndex = 0; path = deal.io_user.app; sourceTree = BUILT_PRODUCTS_DIR; };
		ADC4D48D299807E700B7BD24 /* Assets.xcassets */ = {isa = PBXFileReference; lastKnownFileType = folder.assetcatalog; path = Assets.xcassets; sourceTree = "<group>"; };
		ADC4D492299807E700B7BD24 /* Persistence.swift */ = {isa = PBXFileReference; lastKnownFileType = sourcecode.swift; path = Persistence.swift; sourceTree = "<group>"; };
		ADC4D495299807E700B7BD24 /* deal_io_customer.xcdatamodel */ = {isa = PBXFileReference; lastKnownFileType = wrapper.xcdatamodel; path = deal_io_customer.xcdatamodel; sourceTree = "<group>"; };
		ADD318FF29B15AC700800A46 /* test */ = {isa = PBXFileReference; lastKnownFileType = text; path = test; sourceTree = "<group>"; };
		ADF0BBEB29A9F6F400FF24F6 /* DealView.swift */ = {isa = PBXFileReference; lastKnownFileType = sourcecode.swift; path = DealView.swift; sourceTree = "<group>"; };
		ADF0BBED29A9FE0200FF24F6 /* ExpandedDealView.swift */ = {isa = PBXFileReference; lastKnownFileType = sourcecode.swift; path = ExpandedDealView.swift; sourceTree = "<group>"; };
		ADF0BBF129AAEC1800FF24F6 /* Deal-ioColor.swift */ = {isa = PBXFileReference; lastKnownFileType = sourcecode.swift; path = "Deal-ioColor.swift"; sourceTree = "<group>"; };
		ADF6879F29AED67600E86022 /* WelcomeView.swift */ = {isa = PBXFileReference; lastKnownFileType = sourcecode.swift; path = WelcomeView.swift; sourceTree = "<group>"; };
		ADF687A129AEDB5600E86022 /* User.swift */ = {isa = PBXFileReference; lastKnownFileType = sourcecode.swift; path = User.swift; sourceTree = "<group>"; };
		ADF687A329AEDB7500E86022 /* WelcomeViewModel.swift */ = {isa = PBXFileReference; lastKnownFileType = sourcecode.swift; path = WelcomeViewModel.swift; sourceTree = "<group>"; };
		ADF687A529AEEA0F00E86022 /* DailyView.swift */ = {isa = PBXFileReference; lastKnownFileType = sourcecode.swift; path = DailyView.swift; sourceTree = "<group>"; };
		ADF687A729AEEA1B00E86022 /* UpcomingView.swift */ = {isa = PBXFileReference; lastKnownFileType = sourcecode.swift; path = UpcomingView.swift; sourceTree = "<group>"; };
		ADF687A929AEF31900E86022 /* ContractedDealView.swift */ = {isa = PBXFileReference; lastKnownFileType = sourcecode.swift; path = ContractedDealView.swift; sourceTree = "<group>"; };
		ADF687FA29B001C800E86022 /* ContentView.swift */ = {isa = PBXFileReference; lastKnownFileType = sourcecode.swift; path = ContentView.swift; sourceTree = "<group>"; };
/* End PBXFileReference section */

/* Begin PBXFrameworksBuildPhase section */
		ADC4D483299807E500B7BD24 /* Frameworks */ = {
			isa = PBXFrameworksBuildPhase;
			buildActionMask = 2147483647;
			files = (
				ADF6877329AE63E600E86022 /* FirebaseDatabase in Frameworks */,
				ADF6878129AE63E600E86022 /* FirebaseFunctionsCombine-Community in Frameworks */,
				ADF6877929AE63E600E86022 /* FirebaseFirestore in Frameworks */,
				ADF6876529AE63E600E86022 /* FirebaseAnalyticsSwift in Frameworks */,
				ADF6876129AE63E600E86022 /* FirebaseAnalytics in Frameworks */,
				ADF6876329AE63E600E86022 /* FirebaseAnalyticsOnDeviceConversion in Frameworks */,
				ADF6878929AE63E600E86022 /* FirebaseMLModelDownloader in Frameworks */,
				ADF6877D29AE63E600E86022 /* FirebaseFirestoreSwift in Frameworks */,
				ADF6876929AE63E600E86022 /* FirebaseAppCheck in Frameworks */,
				ADF6876729AE63E600E86022 /* FirebaseAnalyticsWithoutAdIdSupport in Frameworks */,
				ADF6876D29AE63E600E86022 /* FirebaseAuth in Frameworks */,
				ADF6877129AE63E600E86022 /* FirebaseCrashlytics in Frameworks */,
				ADF6879129AE63E600E86022 /* FirebaseRemoteConfigSwift in Frameworks */,
				ADF6878329AE63E600E86022 /* FirebaseInAppMessaging-Beta in Frameworks */,
				ADF6877529AE63E600E86022 /* FirebaseDatabaseSwift in Frameworks */,
				ADF6877F29AE63E600E86022 /* FirebaseFunctions in Frameworks */,
				ADF6879529AE63E600E86022 /* FirebaseStorageCombine-Community in Frameworks */,
				ADF6878F29AE63E600E86022 /* FirebaseRemoteConfig in Frameworks */,
				ADF6876B29AE63E600E86022 /* FirebaseAppDistribution-Beta in Frameworks */,
				ADF6876F29AE63E600E86022 /* FirebaseAuthCombine-Community in Frameworks */,
				ADF6878D29AE63E600E86022 /* FirebasePerformance in Frameworks */,
				ADF6878529AE63E600E86022 /* FirebaseInAppMessagingSwift-Beta in Frameworks */,
				ADF6879329AE63E600E86022 /* FirebaseStorage in Frameworks */,
				ADF6877729AE63E600E86022 /* FirebaseDynamicLinks in Frameworks */,
				ADF6877B29AE63E600E86022 /* FirebaseFirestoreCombine-Community in Frameworks */,
				ADF6878B29AE63E600E86022 /* FirebaseMessaging in Frameworks */,
				ADF6878729AE63E600E86022 /* FirebaseInstallations in Frameworks */,
			);
			runOnlyForDeploymentPostprocessing = 0;
		};
/* End PBXFrameworksBuildPhase section */

/* Begin PBXGroup section */
		AD00901129A4879300FDB1D3 /* Models */ = {
			isa = PBXGroup;
			children = (
				AD00901429A490D100FDB1D3 /* Deal.swift */,
				ADF687A129AEDB5600E86022 /* User.swift */,
				ADA633CC29B6AA4A0032EF44 /* CreateDealResponse.swift */,
			);
			path = Models;
			sourceTree = "<group>";
		};
		AD00901229A4901600FDB1D3 /* Views */ = {
			isa = PBXGroup;
			children = (
				AD00901C29A58C8300FDB1D3 /* FeedView.swift */,
				ADF0BBEB29A9F6F400FF24F6 /* DealView.swift */,
				ADF0BBED29A9FE0200FF24F6 /* ExpandedDealView.swift */,
				ADF0BBF129AAEC1800FF24F6 /* Deal-ioColor.swift */,
				ADF6879F29AED67600E86022 /* WelcomeView.swift */,
				ADF687A529AEEA0F00E86022 /* DailyView.swift */,
				ADF687A729AEEA1B00E86022 /* UpcomingView.swift */,
				ADA633C229B2F40C0032EF44 /* UpcomingButton.swift */,
				ADF687A929AEF31900E86022 /* ContractedDealView.swift */,
				ADA633C029B2F4000032EF44 /* DailyButton.swift */,
				ADA633C429B2F5610032EF44 /* HourView.swift */,
				ADA633D029B7FED30032EF44 /* UpcomingDayView.swift */,
			);
			path = Views;
			sourceTree = "<group>";
		};
		AD00901329A4902600FDB1D3 /* ViewModels */ = {
			isa = PBXGroup;
			children = (
				AD00902029A58CC600FDB1D3 /* FeedViewModel.swift */,
				ADF687A329AEDB7500E86022 /* WelcomeViewModel.swift */,
				ADA633CE29B7CA8F0032EF44 /* DealViewModel.swift */,
			);
			path = ViewModels;
			sourceTree = "<group>";
		};
		AD80720629A884F3007E263D /* Preview Content */ = {
			isa = PBXGroup;
			children = (
				ADD318FF29B15AC700800A46 /* test */,
			);
			path = "Preview Content";
			sourceTree = "<group>";
		};
		AD8F1DBA29AD939B001DBAC1 /* Services */ = {
			isa = PBXGroup;
			children = (
				AD8F1DBB29AD93AA001DBAC1 /* DealService.swift */,
			);
			path = Services;
			sourceTree = "<group>";
		};
		ADA633D529B930150032EF44 /* Utils */ = {
			isa = PBXGroup;
			children = (
				ADA633D629B930240032EF44 /* DateUtil.swift */,
			);
			path = Utils;
			sourceTree = "<group>";
		};
		ADC4D47D299807E500B7BD24 = {
			isa = PBXGroup;
			children = (
				ADC4D488299807E500B7BD24 /* deal.io_user */,
				ADC4D487299807E500B7BD24 /* Products */,
			);
			sourceTree = "<group>";
		};
		ADC4D487299807E500B7BD24 /* Products */ = {
			isa = PBXGroup;
			children = (
				ADC4D486299807E500B7BD24 /* deal.io_user.app */,
			);
			name = Products;
			sourceTree = "<group>";
		};
		ADC4D488299807E500B7BD24 /* deal.io_user */ = {
			isa = PBXGroup;
			children = (
				ADA633D529B930150032EF44 /* Utils */,
				AD00901229A4901600FDB1D3 /* Views */,
				AD00901329A4902600FDB1D3 /* ViewModels */,
				AD00901129A4879300FDB1D3 /* Models */,
				ADC4D48D299807E700B7BD24 /* Assets.xcassets */,
				ADC4D492299807E700B7BD24 /* Persistence.swift */,
				ADC4D494299807E700B7BD24 /* deal_io_user.xcdatamodeld */,
				ADF687FA29B001C800E86022 /* ContentView.swift */,
				AD80720729A8855C007E263D /* Deal_ioApp.swift */,
				AD80720629A884F3007E263D /* Preview Content */,
				ADF0BC4D29AB2C3900FF24F6 /* Fonts */,
				AD8F1DBA29AD939B001DBAC1 /* Services */,
			);
			path = deal.io_user;
			sourceTree = "<group>";
		};
		ADF0BC4D29AB2C3900FF24F6 /* Fonts */ = {
			isa = PBXGroup;
			children = (
			);
			path = Fonts;
			sourceTree = "<group>";
		};
/* End PBXGroup section */

/* Begin PBXNativeTarget section */
		ADC4D485299807E500B7BD24 /* deal.io_user */ = {
			isa = PBXNativeTarget;
			buildConfigurationList = ADC4D499299807E700B7BD24 /* Build configuration list for PBXNativeTarget "deal.io_user" */;
			buildPhases = (
				ADC4D482299807E500B7BD24 /* Sources */,
				ADC4D483299807E500B7BD24 /* Frameworks */,
				ADC4D484299807E500B7BD24 /* Resources */,
			);
			buildRules = (
			);
			dependencies = (
			);
			name = deal.io_user;
			packageProductDependencies = (
				ADF6876029AE63E600E86022 /* FirebaseAnalytics */,
				ADF6876229AE63E600E86022 /* FirebaseAnalyticsOnDeviceConversion */,
				ADF6876429AE63E600E86022 /* FirebaseAnalyticsSwift */,
				ADF6876629AE63E600E86022 /* FirebaseAnalyticsWithoutAdIdSupport */,
				ADF6876829AE63E600E86022 /* FirebaseAppCheck */,
				ADF6876A29AE63E600E86022 /* FirebaseAppDistribution-Beta */,
				ADF6876C29AE63E600E86022 /* FirebaseAuth */,
				ADF6876E29AE63E600E86022 /* FirebaseAuthCombine-Community */,
				ADF6877029AE63E600E86022 /* FirebaseCrashlytics */,
				ADF6877229AE63E600E86022 /* FirebaseDatabase */,
				ADF6877429AE63E600E86022 /* FirebaseDatabaseSwift */,
				ADF6877629AE63E600E86022 /* FirebaseDynamicLinks */,
				ADF6877829AE63E600E86022 /* FirebaseFirestore */,
				ADF6877A29AE63E600E86022 /* FirebaseFirestoreCombine-Community */,
				ADF6877C29AE63E600E86022 /* FirebaseFirestoreSwift */,
				ADF6877E29AE63E600E86022 /* FirebaseFunctions */,
				ADF6878029AE63E600E86022 /* FirebaseFunctionsCombine-Community */,
				ADF6878229AE63E600E86022 /* FirebaseInAppMessaging-Beta */,
				ADF6878429AE63E600E86022 /* FirebaseInAppMessagingSwift-Beta */,
				ADF6878629AE63E600E86022 /* FirebaseInstallations */,
				ADF6878829AE63E600E86022 /* FirebaseMLModelDownloader */,
				ADF6878A29AE63E600E86022 /* FirebaseMessaging */,
				ADF6878C29AE63E600E86022 /* FirebasePerformance */,
				ADF6878E29AE63E600E86022 /* FirebaseRemoteConfig */,
				ADF6879029AE63E600E86022 /* FirebaseRemoteConfigSwift */,
				ADF6879229AE63E600E86022 /* FirebaseStorage */,
				ADF6879429AE63E600E86022 /* FirebaseStorageCombine-Community */,
			);
			productName = deal.io_customer;
			productReference = ADC4D486299807E500B7BD24 /* deal.io_user.app */;
			productType = "com.apple.product-type.application";
		};
/* End PBXNativeTarget section */

/* Begin PBXProject section */
		ADC4D47E299807E500B7BD24 /* Project object */ = {
			isa = PBXProject;
			attributes = {
				BuildIndependentTargetsInParallel = 1;
				LastSwiftUpdateCheck = 1420;
				LastUpgradeCheck = 1420;
				TargetAttributes = {
					ADC4D485299807E500B7BD24 = {
						CreatedOnToolsVersion = 14.2;
					};
				};
			};
			buildConfigurationList = ADC4D481299807E500B7BD24 /* Build configuration list for PBXProject "deal.io_user" */;
			compatibilityVersion = "Xcode 14.0";
			developmentRegion = en;
			hasScannedForEncodings = 0;
			knownRegions = (
				en,
				Base,
			);
			mainGroup = ADC4D47D299807E500B7BD24;
			packageReferences = (
				ADF6875F29AE63E600E86022 /* XCRemoteSwiftPackageReference "firebase-ios-sdk" */,
			);
			productRefGroup = ADC4D487299807E500B7BD24 /* Products */;
			projectDirPath = "";
			projectRoot = "";
			targets = (
				ADC4D485299807E500B7BD24 /* deal.io_user */,
			);
		};
/* End PBXProject section */

/* Begin PBXResourcesBuildPhase section */
		ADC4D484299807E500B7BD24 /* Resources */ = {
			isa = PBXResourcesBuildPhase;
			buildActionMask = 2147483647;
			files = (
				ADD3190029B15AC700800A46 /* test in Resources */,
				ADC4D48E299807E700B7BD24 /* Assets.xcassets in Resources */,
			);
			runOnlyForDeploymentPostprocessing = 0;
		};
/* End PBXResourcesBuildPhase section */

/* Begin PBXSourcesBuildPhase section */
		ADC4D482299807E500B7BD24 /* Sources */ = {
			isa = PBXSourcesBuildPhase;
			buildActionMask = 2147483647;
			files = (
				ADF687A229AEDB5600E86022 /* User.swift in Sources */,
				ADC4D493299807E700B7BD24 /* Persistence.swift in Sources */,
				ADF0BBEC29A9F6F400FF24F6 /* DealView.swift in Sources */,
				ADA633D129B7FED30032EF44 /* UpcomingDayView.swift in Sources */,
				ADF687A629AEEA1000E86022 /* DailyView.swift in Sources */,
				ADF687A429AEDB7500E86022 /* WelcomeViewModel.swift in Sources */,
				AD80720829A8855C007E263D /* Deal_ioApp.swift in Sources */,
				ADA633C329B2F40C0032EF44 /* UpcomingButton.swift in Sources */,
				AD8F1DBC29AD93AA001DBAC1 /* DealService.swift in Sources */,
				ADA633C129B2F4010032EF44 /* DailyButton.swift in Sources */,
				AD00901D29A58C8300FDB1D3 /* FeedView.swift in Sources */,
				ADA633CF29B7CA8F0032EF44 /* DealViewModel.swift in Sources */,
				AD00902129A58CC600FDB1D3 /* FeedViewModel.swift in Sources */,
				ADF687A829AEEA1B00E86022 /* UpcomingView.swift in Sources */,
				ADF687A029AED67600E86022 /* WelcomeView.swift in Sources */,
				ADF687AA29AEF31900E86022 /* ContractedDealView.swift in Sources */,
				ADA633CD29B6AA4A0032EF44 /* CreateDealResponse.swift in Sources */,
				ADA633C529B2F5610032EF44 /* HourView.swift in Sources */,
				AD00901529A490D100FDB1D3 /* Deal.swift in Sources */,
				ADF687FB29B001C800E86022 /* ContentView.swift in Sources */,
				ADF0BBEE29A9FE0200FF24F6 /* ExpandedDealView.swift in Sources */,
				ADA633D729B930240032EF44 /* DateUtil.swift in Sources */,
				ADC4D496299807E700B7BD24 /* deal_io_user.xcdatamodeld in Sources */,
				ADF0BBF229AAEC1800FF24F6 /* Deal-ioColor.swift in Sources */,
			);
			runOnlyForDeploymentPostprocessing = 0;
		};
/* End PBXSourcesBuildPhase section */

/* Begin XCBuildConfiguration section */
		ADC4D497299807E700B7BD24 /* Debug */ = {
			isa = XCBuildConfiguration;
			buildSettings = {
				ALWAYS_SEARCH_USER_PATHS = NO;
				CLANG_ANALYZER_NONNULL = YES;
				CLANG_ANALYZER_NUMBER_OBJECT_CONVERSION = YES_AGGRESSIVE;
				CLANG_CXX_LANGUAGE_STANDARD = "gnu++20";
				CLANG_ENABLE_MODULES = YES;
				CLANG_ENABLE_OBJC_ARC = YES;
				CLANG_ENABLE_OBJC_WEAK = YES;
				CLANG_WARN_BLOCK_CAPTURE_AUTORELEASING = YES;
				CLANG_WARN_BOOL_CONVERSION = YES;
				CLANG_WARN_COMMA = YES;
				CLANG_WARN_CONSTANT_CONVERSION = YES;
				CLANG_WARN_DEPRECATED_OBJC_IMPLEMENTATIONS = YES;
				CLANG_WARN_DIRECT_OBJC_ISA_USAGE = YES_ERROR;
				CLANG_WARN_DOCUMENTATION_COMMENTS = YES;
				CLANG_WARN_EMPTY_BODY = YES;
				CLANG_WARN_ENUM_CONVERSION = YES;
				CLANG_WARN_INFINITE_RECURSION = YES;
				CLANG_WARN_INT_CONVERSION = YES;
				CLANG_WARN_NON_LITERAL_NULL_CONVERSION = YES;
				CLANG_WARN_OBJC_IMPLICIT_RETAIN_SELF = YES;
				CLANG_WARN_OBJC_LITERAL_CONVERSION = YES;
				CLANG_WARN_OBJC_ROOT_CLASS = YES_ERROR;
				CLANG_WARN_QUOTED_INCLUDE_IN_FRAMEWORK_HEADER = YES;
				CLANG_WARN_RANGE_LOOP_ANALYSIS = YES;
				CLANG_WARN_STRICT_PROTOTYPES = YES;
				CLANG_WARN_SUSPICIOUS_MOVE = YES;
				CLANG_WARN_UNGUARDED_AVAILABILITY = YES_AGGRESSIVE;
				CLANG_WARN_UNREACHABLE_CODE = YES;
				CLANG_WARN__DUPLICATE_METHOD_MATCH = YES;
				COPY_PHASE_STRIP = NO;
				DEBUG_INFORMATION_FORMAT = dwarf;
				ENABLE_STRICT_OBJC_MSGSEND = YES;
				ENABLE_TESTABILITY = YES;
				GCC_C_LANGUAGE_STANDARD = gnu11;
				GCC_DYNAMIC_NO_PIC = NO;
				GCC_NO_COMMON_BLOCKS = YES;
				GCC_OPTIMIZATION_LEVEL = 0;
				GCC_PREPROCESSOR_DEFINITIONS = (
					"DEBUG=1",
					"$(inherited)",
				);
				GCC_WARN_64_TO_32_BIT_CONVERSION = YES;
				GCC_WARN_ABOUT_RETURN_TYPE = YES_ERROR;
				GCC_WARN_UNDECLARED_SELECTOR = YES;
				GCC_WARN_UNINITIALIZED_AUTOS = YES_AGGRESSIVE;
				GCC_WARN_UNUSED_FUNCTION = YES;
				GCC_WARN_UNUSED_VARIABLE = YES;
				IPHONEOS_DEPLOYMENT_TARGET = 16.2;
				MTL_ENABLE_DEBUG_INFO = INCLUDE_SOURCE;
				MTL_FAST_MATH = YES;
				ONLY_ACTIVE_ARCH = YES;
				SDKROOT = iphoneos;
				SWIFT_ACTIVE_COMPILATION_CONDITIONS = DEBUG;
				SWIFT_OPTIMIZATION_LEVEL = "-Onone";
			};
			name = Debug;
		};
		ADC4D498299807E700B7BD24 /* Release */ = {
			isa = XCBuildConfiguration;
			buildSettings = {
				ALWAYS_SEARCH_USER_PATHS = NO;
				CLANG_ANALYZER_NONNULL = YES;
				CLANG_ANALYZER_NUMBER_OBJECT_CONVERSION = YES_AGGRESSIVE;
				CLANG_CXX_LANGUAGE_STANDARD = "gnu++20";
				CLANG_ENABLE_MODULES = YES;
				CLANG_ENABLE_OBJC_ARC = YES;
				CLANG_ENABLE_OBJC_WEAK = YES;
				CLANG_WARN_BLOCK_CAPTURE_AUTORELEASING = YES;
				CLANG_WARN_BOOL_CONVERSION = YES;
				CLANG_WARN_COMMA = YES;
				CLANG_WARN_CONSTANT_CONVERSION = YES;
				CLANG_WARN_DEPRECATED_OBJC_IMPLEMENTATIONS = YES;
				CLANG_WARN_DIRECT_OBJC_ISA_USAGE = YES_ERROR;
				CLANG_WARN_DOCUMENTATION_COMMENTS = YES;
				CLANG_WARN_EMPTY_BODY = YES;
				CLANG_WARN_ENUM_CONVERSION = YES;
				CLANG_WARN_INFINITE_RECURSION = YES;
				CLANG_WARN_INT_CONVERSION = YES;
				CLANG_WARN_NON_LITERAL_NULL_CONVERSION = YES;
				CLANG_WARN_OBJC_IMPLICIT_RETAIN_SELF = YES;
				CLANG_WARN_OBJC_LITERAL_CONVERSION = YES;
				CLANG_WARN_OBJC_ROOT_CLASS = YES_ERROR;
				CLANG_WARN_QUOTED_INCLUDE_IN_FRAMEWORK_HEADER = YES;
				CLANG_WARN_RANGE_LOOP_ANALYSIS = YES;
				CLANG_WARN_STRICT_PROTOTYPES = YES;
				CLANG_WARN_SUSPICIOUS_MOVE = YES;
				CLANG_WARN_UNGUARDED_AVAILABILITY = YES_AGGRESSIVE;
				CLANG_WARN_UNREACHABLE_CODE = YES;
				CLANG_WARN__DUPLICATE_METHOD_MATCH = YES;
				COPY_PHASE_STRIP = NO;
				DEBUG_INFORMATION_FORMAT = "dwarf-with-dsym";
				ENABLE_NS_ASSERTIONS = NO;
				ENABLE_STRICT_OBJC_MSGSEND = YES;
				GCC_C_LANGUAGE_STANDARD = gnu11;
				GCC_NO_COMMON_BLOCKS = YES;
				GCC_WARN_64_TO_32_BIT_CONVERSION = YES;
				GCC_WARN_ABOUT_RETURN_TYPE = YES_ERROR;
				GCC_WARN_UNDECLARED_SELECTOR = YES;
				GCC_WARN_UNINITIALIZED_AUTOS = YES_AGGRESSIVE;
				GCC_WARN_UNUSED_FUNCTION = YES;
				GCC_WARN_UNUSED_VARIABLE = YES;
				IPHONEOS_DEPLOYMENT_TARGET = 16.2;
				MTL_ENABLE_DEBUG_INFO = NO;
				MTL_FAST_MATH = YES;
				SDKROOT = iphoneos;
				SWIFT_COMPILATION_MODE = wholemodule;
				SWIFT_OPTIMIZATION_LEVEL = "-O";
				VALIDATE_PRODUCT = YES;
			};
			name = Release;
		};
		ADC4D49A299807E700B7BD24 /* Debug */ = {
			isa = XCBuildConfiguration;
			buildSettings = {
				ASSETCATALOG_COMPILER_APPICON_NAME = AppIcon;
				ASSETCATALOG_COMPILER_GLOBAL_ACCENT_COLOR_NAME = AccentColor;
				CODE_SIGN_STYLE = Automatic;
				CURRENT_PROJECT_VERSION = 1;
				DEVELOPMENT_ASSET_PATHS = "\"deal.io_user/Preview Content\"";
				ENABLE_PREVIEWS = YES;
				GENERATE_INFOPLIST_FILE = YES;
				INFOPLIST_KEY_UIApplicationSceneManifest_Generation = YES;
				INFOPLIST_KEY_UIApplicationSupportsIndirectInputEvents = YES;
				INFOPLIST_KEY_UILaunchScreen_Generation = YES;
				INFOPLIST_KEY_UISupportedInterfaceOrientations_iPad = "UIInterfaceOrientationPortrait UIInterfaceOrientationPortraitUpsideDown UIInterfaceOrientationLandscapeLeft UIInterfaceOrientationLandscapeRight";
				INFOPLIST_KEY_UISupportedInterfaceOrientations_iPhone = "UIInterfaceOrientationPortrait UIInterfaceOrientationLandscapeLeft UIInterfaceOrientationLandscapeRight";
				LD_RUNPATH_SEARCH_PATHS = (
					"$(inherited)",
					"@executable_path/Frameworks",
				);
				MARKETING_VERSION = 1.0;
				PRODUCT_BUNDLE_IDENTIFIER = "com.intropent.deal-io-user";
				PRODUCT_NAME = "$(TARGET_NAME)";
				SWIFT_EMIT_LOC_STRINGS = YES;
				SWIFT_VERSION = 5.0;
				TARGETED_DEVICE_FAMILY = "1,2";
			};
			name = Debug;
		};
		ADC4D49B299807E700B7BD24 /* Release */ = {
			isa = XCBuildConfiguration;
			buildSettings = {
				ASSETCATALOG_COMPILER_APPICON_NAME = AppIcon;
				ASSETCATALOG_COMPILER_GLOBAL_ACCENT_COLOR_NAME = AccentColor;
				CODE_SIGN_STYLE = Automatic;
				CURRENT_PROJECT_VERSION = 1;
				DEVELOPMENT_ASSET_PATHS = "\"deal.io_user/Preview Content\"";
				ENABLE_PREVIEWS = YES;
				GENERATE_INFOPLIST_FILE = YES;
				INFOPLIST_KEY_UIApplicationSceneManifest_Generation = YES;
				INFOPLIST_KEY_UIApplicationSupportsIndirectInputEvents = YES;
				INFOPLIST_KEY_UILaunchScreen_Generation = YES;
				INFOPLIST_KEY_UISupportedInterfaceOrientations_iPad = "UIInterfaceOrientationPortrait UIInterfaceOrientationPortraitUpsideDown UIInterfaceOrientationLandscapeLeft UIInterfaceOrientationLandscapeRight";
				INFOPLIST_KEY_UISupportedInterfaceOrientations_iPhone = "UIInterfaceOrientationPortrait UIInterfaceOrientationLandscapeLeft UIInterfaceOrientationLandscapeRight";
				LD_RUNPATH_SEARCH_PATHS = (
					"$(inherited)",
					"@executable_path/Frameworks",
				);
				MARKETING_VERSION = 1.0;
				PRODUCT_BUNDLE_IDENTIFIER = "com.intropent.deal-io-user";
				PRODUCT_NAME = "$(TARGET_NAME)";
				SWIFT_EMIT_LOC_STRINGS = YES;
				SWIFT_VERSION = 5.0;
				TARGETED_DEVICE_FAMILY = "1,2";
			};
			name = Release;
		};
/* End XCBuildConfiguration section */

/* Begin XCConfigurationList section */
		ADC4D481299807E500B7BD24 /* Build configuration list for PBXProject "deal.io_user" */ = {
			isa = XCConfigurationList;
			buildConfigurations = (
				ADC4D497299807E700B7BD24 /* Debug */,
				ADC4D498299807E700B7BD24 /* Release */,
			);
			defaultConfigurationIsVisible = 0;
			defaultConfigurationName = Release;
		};
		ADC4D499299807E700B7BD24 /* Build configuration list for PBXNativeTarget "deal.io_user" */ = {
			isa = XCConfigurationList;
			buildConfigurations = (
				ADC4D49A299807E700B7BD24 /* Debug */,
				ADC4D49B299807E700B7BD24 /* Release */,
			);
			defaultConfigurationIsVisible = 0;
			defaultConfigurationName = Release;
		};
/* End XCConfigurationList section */

/* Begin XCRemoteSwiftPackageReference section */
		ADF6875F29AE63E600E86022 /* XCRemoteSwiftPackageReference "firebase-ios-sdk" */ = {
			isa = XCRemoteSwiftPackageReference;
			repositoryURL = "https://github.com/firebase/firebase-ios-sdk.git";
			requirement = {
				kind = upToNextMajorVersion;
				minimumVersion = 9.0.0;
			};
		};
/* End XCRemoteSwiftPackageReference section */

/* Begin XCSwiftPackageProductDependency section */
		ADF6876029AE63E600E86022 /* FirebaseAnalytics */ = {
			isa = XCSwiftPackageProductDependency;
			package = ADF6875F29AE63E600E86022 /* XCRemoteSwiftPackageReference "firebase-ios-sdk" */;
			productName = FirebaseAnalytics;
		};
		ADF6876229AE63E600E86022 /* FirebaseAnalyticsOnDeviceConversion */ = {
			isa = XCSwiftPackageProductDependency;
			package = ADF6875F29AE63E600E86022 /* XCRemoteSwiftPackageReference "firebase-ios-sdk" */;
			productName = FirebaseAnalyticsOnDeviceConversion;
		};
		ADF6876429AE63E600E86022 /* FirebaseAnalyticsSwift */ = {
			isa = XCSwiftPackageProductDependency;
			package = ADF6875F29AE63E600E86022 /* XCRemoteSwiftPackageReference "firebase-ios-sdk" */;
			productName = FirebaseAnalyticsSwift;
		};
		ADF6876629AE63E600E86022 /* FirebaseAnalyticsWithoutAdIdSupport */ = {
			isa = XCSwiftPackageProductDependency;
			package = ADF6875F29AE63E600E86022 /* XCRemoteSwiftPackageReference "firebase-ios-sdk" */;
			productName = FirebaseAnalyticsWithoutAdIdSupport;
		};
		ADF6876829AE63E600E86022 /* FirebaseAppCheck */ = {
			isa = XCSwiftPackageProductDependency;
			package = ADF6875F29AE63E600E86022 /* XCRemoteSwiftPackageReference "firebase-ios-sdk" */;
			productName = FirebaseAppCheck;
		};
		ADF6876A29AE63E600E86022 /* FirebaseAppDistribution-Beta */ = {
			isa = XCSwiftPackageProductDependency;
			package = ADF6875F29AE63E600E86022 /* XCRemoteSwiftPackageReference "firebase-ios-sdk" */;
			productName = "FirebaseAppDistribution-Beta";
		};
		ADF6876C29AE63E600E86022 /* FirebaseAuth */ = {
			isa = XCSwiftPackageProductDependency;
			package = ADF6875F29AE63E600E86022 /* XCRemoteSwiftPackageReference "firebase-ios-sdk" */;
			productName = FirebaseAuth;
		};
		ADF6876E29AE63E600E86022 /* FirebaseAuthCombine-Community */ = {
			isa = XCSwiftPackageProductDependency;
			package = ADF6875F29AE63E600E86022 /* XCRemoteSwiftPackageReference "firebase-ios-sdk" */;
			productName = "FirebaseAuthCombine-Community";
		};
		ADF6877029AE63E600E86022 /* FirebaseCrashlytics */ = {
			isa = XCSwiftPackageProductDependency;
			package = ADF6875F29AE63E600E86022 /* XCRemoteSwiftPackageReference "firebase-ios-sdk" */;
			productName = FirebaseCrashlytics;
		};
		ADF6877229AE63E600E86022 /* FirebaseDatabase */ = {
			isa = XCSwiftPackageProductDependency;
			package = ADF6875F29AE63E600E86022 /* XCRemoteSwiftPackageReference "firebase-ios-sdk" */;
			productName = FirebaseDatabase;
		};
		ADF6877429AE63E600E86022 /* FirebaseDatabaseSwift */ = {
			isa = XCSwiftPackageProductDependency;
			package = ADF6875F29AE63E600E86022 /* XCRemoteSwiftPackageReference "firebase-ios-sdk" */;
			productName = FirebaseDatabaseSwift;
		};
		ADF6877629AE63E600E86022 /* FirebaseDynamicLinks */ = {
			isa = XCSwiftPackageProductDependency;
			package = ADF6875F29AE63E600E86022 /* XCRemoteSwiftPackageReference "firebase-ios-sdk" */;
			productName = FirebaseDynamicLinks;
		};
		ADF6877829AE63E600E86022 /* FirebaseFirestore */ = {
			isa = XCSwiftPackageProductDependency;
			package = ADF6875F29AE63E600E86022 /* XCRemoteSwiftPackageReference "firebase-ios-sdk" */;
			productName = FirebaseFirestore;
		};
		ADF6877A29AE63E600E86022 /* FirebaseFirestoreCombine-Community */ = {
			isa = XCSwiftPackageProductDependency;
			package = ADF6875F29AE63E600E86022 /* XCRemoteSwiftPackageReference "firebase-ios-sdk" */;
			productName = "FirebaseFirestoreCombine-Community";
		};
		ADF6877C29AE63E600E86022 /* FirebaseFirestoreSwift */ = {
			isa = XCSwiftPackageProductDependency;
			package = ADF6875F29AE63E600E86022 /* XCRemoteSwiftPackageReference "firebase-ios-sdk" */;
			productName = FirebaseFirestoreSwift;
		};
		ADF6877E29AE63E600E86022 /* FirebaseFunctions */ = {
			isa = XCSwiftPackageProductDependency;
			package = ADF6875F29AE63E600E86022 /* XCRemoteSwiftPackageReference "firebase-ios-sdk" */;
			productName = FirebaseFunctions;
		};
		ADF6878029AE63E600E86022 /* FirebaseFunctionsCombine-Community */ = {
			isa = XCSwiftPackageProductDependency;
			package = ADF6875F29AE63E600E86022 /* XCRemoteSwiftPackageReference "firebase-ios-sdk" */;
			productName = "FirebaseFunctionsCombine-Community";
		};
		ADF6878229AE63E600E86022 /* FirebaseInAppMessaging-Beta */ = {
			isa = XCSwiftPackageProductDependency;
			package = ADF6875F29AE63E600E86022 /* XCRemoteSwiftPackageReference "firebase-ios-sdk" */;
			productName = "FirebaseInAppMessaging-Beta";
		};
		ADF6878429AE63E600E86022 /* FirebaseInAppMessagingSwift-Beta */ = {
			isa = XCSwiftPackageProductDependency;
			package = ADF6875F29AE63E600E86022 /* XCRemoteSwiftPackageReference "firebase-ios-sdk" */;
			productName = "FirebaseInAppMessagingSwift-Beta";
		};
		ADF6878629AE63E600E86022 /* FirebaseInstallations */ = {
			isa = XCSwiftPackageProductDependency;
			package = ADF6875F29AE63E600E86022 /* XCRemoteSwiftPackageReference "firebase-ios-sdk" */;
			productName = FirebaseInstallations;
		};
		ADF6878829AE63E600E86022 /* FirebaseMLModelDownloader */ = {
			isa = XCSwiftPackageProductDependency;
			package = ADF6875F29AE63E600E86022 /* XCRemoteSwiftPackageReference "firebase-ios-sdk" */;
			productName = FirebaseMLModelDownloader;
		};
		ADF6878A29AE63E600E86022 /* FirebaseMessaging */ = {
			isa = XCSwiftPackageProductDependency;
			package = ADF6875F29AE63E600E86022 /* XCRemoteSwiftPackageReference "firebase-ios-sdk" */;
			productName = FirebaseMessaging;
		};
		ADF6878C29AE63E600E86022 /* FirebasePerformance */ = {
			isa = XCSwiftPackageProductDependency;
			package = ADF6875F29AE63E600E86022 /* XCRemoteSwiftPackageReference "firebase-ios-sdk" */;
			productName = FirebasePerformance;
		};
		ADF6878E29AE63E600E86022 /* FirebaseRemoteConfig */ = {
			isa = XCSwiftPackageProductDependency;
			package = ADF6875F29AE63E600E86022 /* XCRemoteSwiftPackageReference "firebase-ios-sdk" */;
			productName = FirebaseRemoteConfig;
		};
		ADF6879029AE63E600E86022 /* FirebaseRemoteConfigSwift */ = {
			isa = XCSwiftPackageProductDependency;
			package = ADF6875F29AE63E600E86022 /* XCRemoteSwiftPackageReference "firebase-ios-sdk" */;
			productName = FirebaseRemoteConfigSwift;
		};
		ADF6879229AE63E600E86022 /* FirebaseStorage */ = {
			isa = XCSwiftPackageProductDependency;
			package = ADF6875F29AE63E600E86022 /* XCRemoteSwiftPackageReference "firebase-ios-sdk" */;
			productName = FirebaseStorage;
		};
		ADF6879429AE63E600E86022 /* FirebaseStorageCombine-Community */ = {
			isa = XCSwiftPackageProductDependency;
			package = ADF6875F29AE63E600E86022 /* XCRemoteSwiftPackageReference "firebase-ios-sdk" */;
			productName = "FirebaseStorageCombine-Community";
		};
/* End XCSwiftPackageProductDependency section */

/* Begin XCVersionGroup section */
		ADC4D494299807E700B7BD24 /* deal_io_user.xcdatamodeld */ = {
			isa = XCVersionGroup;
			children = (
				ADC4D495299807E700B7BD24 /* deal_io_customer.xcdatamodel */,
			);
			currentVersion = ADC4D495299807E700B7BD24 /* deal_io_customer.xcdatamodel */;
			path = deal_io_user.xcdatamodeld;
			sourceTree = "<group>";
			versionGroupType = wrapper.xcdatamodel;
		};
/* End XCVersionGroup section */
	};
	rootObject = ADC4D47E299807E500B7BD24 /* Project object */;
}
