// !$*UTF8*$!
{
	archiveVersion = 1;
	classes = {
	};
	objectVersion = 56;
	objects = {

/* Begin PBXBuildFile section */
		AD00901529A490D100FDB1D3 /* Deal.swift in Sources */ = {isa = PBXBuildFile; fileRef = AD00901429A490D100FDB1D3 /* Deal.swift */; };
		AD00901D29A58C8300FDB1D3 /* FeedSwitch.swift in Sources */ = {isa = PBXBuildFile; fileRef = AD00901C29A58C8300FDB1D3 /* FeedSwitch.swift */; };
		AD00902129A58CC600FDB1D3 /* UserViewModel.swift in Sources */ = {isa = PBXBuildFile; fileRef = AD00902029A58CC600FDB1D3 /* UserViewModel.swift */; };
		AD2A739729D22E99002EC0D3 /* FromToTimeBubble.swift in Sources */ = {isa = PBXBuildFile; fileRef = AD2A739629D22E99002EC0D3 /* FromToTimeBubble.swift */; };
		AD2A739929D246B0002EC0D3 /* OpenMaps.swift in Sources */ = {isa = PBXBuildFile; fileRef = AD2A739829D246B0002EC0D3 /* OpenMaps.swift */; };
		AD2A739E29D75666002EC0D3 /* RefreshableScroll.swift in Sources */ = {isa = PBXBuildFile; fileRef = AD2A739D29D75666002EC0D3 /* RefreshableScroll.swift */; };
		AD2A73A129D778FC002EC0D3 /* UserManager.swift in Sources */ = {isa = PBXBuildFile; fileRef = AD2A73A029D778FC002EC0D3 /* UserManager.swift */; };
		AD2A73A429D78A73002EC0D3 /* FirebaseAnalytics in Frameworks */ = {isa = PBXBuildFile; productRef = AD2A73A329D78A73002EC0D3 /* FirebaseAnalytics */; };
		AD2A73A629D78A73002EC0D3 /* FirebaseAnalyticsSwift in Frameworks */ = {isa = PBXBuildFile; productRef = AD2A73A529D78A73002EC0D3 /* FirebaseAnalyticsSwift */; };
		AD2A73A829D78A73002EC0D3 /* FirebaseAuth in Frameworks */ = {isa = PBXBuildFile; productRef = AD2A73A729D78A73002EC0D3 /* FirebaseAuth */; };
		AD2A73AA29D78A73002EC0D3 /* FirebaseDatabase in Frameworks */ = {isa = PBXBuildFile; productRef = AD2A73A929D78A73002EC0D3 /* FirebaseDatabase */; };
		AD2A73AC29D78A73002EC0D3 /* FirebaseDatabaseSwift in Frameworks */ = {isa = PBXBuildFile; productRef = AD2A73AB29D78A73002EC0D3 /* FirebaseDatabaseSwift */; };
		AD2A73B029D78BCB002EC0D3 /* Analytics.swift in Sources */ = {isa = PBXBuildFile; fileRef = AD2A73AF29D78BCB002EC0D3 /* Analytics.swift */; };
		AD2A73B429DE13BA002EC0D3 /* FeedView.swift in Sources */ = {isa = PBXBuildFile; fileRef = AD2A73B329DE13BA002EC0D3 /* FeedView.swift */; };
		AD2A73B629DE38E6002EC0D3 /* StarButton.swift in Sources */ = {isa = PBXBuildFile; fileRef = AD2A73B529DE38E6002EC0D3 /* StarButton.swift */; };
		AD2A73BE29EFA7AA002EC0D3 /* Siren in Frameworks */ = {isa = PBXBuildFile; productRef = AD2A73BD29EFA7AA002EC0D3 /* Siren */; };
		AD2A73C02A241905002EC0D3 /* EverydayButton.swift in Sources */ = {isa = PBXBuildFile; fileRef = AD2A73BF2A241905002EC0D3 /* EverydayButton.swift */; };
		AD2A73C22A2434D5002EC0D3 /* Everydays.swift in Sources */ = {isa = PBXBuildFile; fileRef = AD2A73C12A2434D5002EC0D3 /* Everydays.swift */; };
		AD2A73C42A243F82002EC0D3 /* NotificationUtil.swift in Sources */ = {isa = PBXBuildFile; fileRef = AD2A73C32A243F82002EC0D3 /* NotificationUtil.swift */; };
		AD2A73C62A2D863E002EC0D3 /* Customer.swift in Sources */ = {isa = PBXBuildFile; fileRef = AD2A73C52A2D863E002EC0D3 /* Customer.swift */; };
		AD76782329D12380008728BB /* Restaurant.swift in Sources */ = {isa = PBXBuildFile; fileRef = AD76782229D12380008728BB /* Restaurant.swift */; };
		AD76782529D141DE008728BB /* SubmitButton.swift in Sources */ = {isa = PBXBuildFile; fileRef = AD76782429D141DE008728BB /* SubmitButton.swift */; };
		AD76782F29D2221E008728BB /* ActiveDaysBubble.swift in Sources */ = {isa = PBXBuildFile; fileRef = AD76782E29D2221E008728BB /* ActiveDaysBubble.swift */; };
		AD80720829A8855C007E263D /* Deal_ioApp.swift in Sources */ = {isa = PBXBuildFile; fileRef = AD80720729A8855C007E263D /* Deal_ioApp.swift */; };
		AD8F1DBC29AD93AA001DBAC1 /* DealService.swift in Sources */ = {isa = PBXBuildFile; fileRef = AD8F1DBB29AD93AA001DBAC1 /* DealService.swift */; };
		ADA633C129B2F4010032EF44 /* DailyButton.swift in Sources */ = {isa = PBXBuildFile; fileRef = ADA633C029B2F4000032EF44 /* DailyButton.swift */; };
		ADA633C329B2F40C0032EF44 /* UpcomingButton.swift in Sources */ = {isa = PBXBuildFile; fileRef = ADA633C229B2F40C0032EF44 /* UpcomingButton.swift */; };
		ADA633CD29B6AA4A0032EF44 /* CreateDealResponse.swift in Sources */ = {isa = PBXBuildFile; fileRef = ADA633CC29B6AA4A0032EF44 /* CreateDealResponse.swift */; };
		ADA633D129B7FED30032EF44 /* HourBubble.swift in Sources */ = {isa = PBXBuildFile; fileRef = ADA633D029B7FED30032EF44 /* HourBubble.swift */; };
		ADA633D729B930240032EF44 /* DateUtil.swift in Sources */ = {isa = PBXBuildFile; fileRef = ADA633D629B930240032EF44 /* DateUtil.swift */; };
		ADC4D48E299807E700B7BD24 /* Assets.xcassets in Resources */ = {isa = PBXBuildFile; fileRef = ADC4D48D299807E700B7BD24 /* Assets.xcassets */; };
		ADC4D493299807E700B7BD24 /* Persistence.swift in Sources */ = {isa = PBXBuildFile; fileRef = ADC4D492299807E700B7BD24 /* Persistence.swift */; };
		ADC4D496299807E700B7BD24 /* deal_io_user.xcdatamodeld in Sources */ = {isa = PBXBuildFile; fileRef = ADC4D494299807E700B7BD24 /* deal_io_user.xcdatamodeld */; };
		ADD3190029B15AC700800A46 /* test in Resources */ = {isa = PBXBuildFile; fileRef = ADD318FF29B15AC700800A46 /* test */; };
		ADF0BBEC29A9F6F400FF24F6 /* DealView.swift in Sources */ = {isa = PBXBuildFile; fileRef = ADF0BBEB29A9F6F400FF24F6 /* DealView.swift */; };
		ADF0BBEE29A9FE0200FF24F6 /* ExpandedDeal.swift in Sources */ = {isa = PBXBuildFile; fileRef = ADF0BBED29A9FE0200FF24F6 /* ExpandedDeal.swift */; };
		ADF0BBF229AAEC1800FF24F6 /* Deal-ioColor.swift in Sources */ = {isa = PBXBuildFile; fileRef = ADF0BBF129AAEC1800FF24F6 /* Deal-ioColor.swift */; };
		ADF687A029AED67600E86022 /* Welcome.swift in Sources */ = {isa = PBXBuildFile; fileRef = ADF6879F29AED67600E86022 /* Welcome.swift */; };
		ADF687A229AEDB5600E86022 /* User.swift in Sources */ = {isa = PBXBuildFile; fileRef = ADF687A129AEDB5600E86022 /* User.swift */; };
		ADF687A429AEDB7500E86022 /* WelcomeViewModel.swift in Sources */ = {isa = PBXBuildFile; fileRef = ADF687A329AEDB7500E86022 /* WelcomeViewModel.swift */; };
		ADF687AA29AEF31900E86022 /* ContractedDeal.swift in Sources */ = {isa = PBXBuildFile; fileRef = ADF687A929AEF31900E86022 /* ContractedDeal.swift */; };
		ADF687FB29B001C800E86022 /* ContentView.swift in Sources */ = {isa = PBXBuildFile; fileRef = ADF687FA29B001C800E86022 /* ContentView.swift */; };
		FB353CD829DDF68A00AC0240 /* DailySortButton.swift in Sources */ = {isa = PBXBuildFile; fileRef = FB353CD729DDF68A00AC0240 /* DailySortButton.swift */; };
		FB353CDA29DE038800AC0240 /* UpcomingSortButton.swift in Sources */ = {isa = PBXBuildFile; fileRef = FB353CD929DE038800AC0240 /* UpcomingSortButton.swift */; };
		FB353CDF29DE795C00AC0240 /* Favorites.swift in Sources */ = {isa = PBXBuildFile; fileRef = FB353CDE29DE795C00AC0240 /* Favorites.swift */; };
		FBBEEAEB29E894F200489A4C /* HelpButton.swift in Sources */ = {isa = PBXBuildFile; fileRef = FBBEEAEA29E894F200489A4C /* HelpButton.swift */; };
		FBBEEAEE29E8BC1900489A4C /* GoogleService-Info.plist in Resources */ = {isa = PBXBuildFile; fileRef = AD2A73AD29D78B95002EC0D3 /* GoogleService-Info.plist */; };
/* End PBXBuildFile section */

/* Begin PBXFileReference section */
		AD00901429A490D100FDB1D3 /* Deal.swift */ = {isa = PBXFileReference; lastKnownFileType = sourcecode.swift; path = Deal.swift; sourceTree = "<group>"; };
		AD00901C29A58C8300FDB1D3 /* FeedSwitch.swift */ = {isa = PBXFileReference; lastKnownFileType = sourcecode.swift; path = FeedSwitch.swift; sourceTree = "<group>"; };
		AD00902029A58CC600FDB1D3 /* UserViewModel.swift */ = {isa = PBXFileReference; lastKnownFileType = sourcecode.swift; path = UserViewModel.swift; sourceTree = "<group>"; };
		AD2A739629D22E99002EC0D3 /* FromToTimeBubble.swift */ = {isa = PBXFileReference; lastKnownFileType = sourcecode.swift; path = FromToTimeBubble.swift; sourceTree = "<group>"; };
		AD2A739829D246B0002EC0D3 /* OpenMaps.swift */ = {isa = PBXFileReference; lastKnownFileType = sourcecode.swift; path = OpenMaps.swift; sourceTree = "<group>"; };
		AD2A739D29D75666002EC0D3 /* RefreshableScroll.swift */ = {isa = PBXFileReference; lastKnownFileType = sourcecode.swift; path = RefreshableScroll.swift; sourceTree = "<group>"; };
		AD2A73A029D778FC002EC0D3 /* UserManager.swift */ = {isa = PBXFileReference; lastKnownFileType = sourcecode.swift; path = UserManager.swift; sourceTree = "<group>"; };
		AD2A73AD29D78B95002EC0D3 /* GoogleService-Info.plist */ = {isa = PBXFileReference; fileEncoding = 4; lastKnownFileType = text.plist.xml; name = "GoogleService-Info.plist"; path = "deal.io_user/GoogleService-Info.plist"; sourceTree = "<group>"; };
		AD2A73AF29D78BCB002EC0D3 /* Analytics.swift */ = {isa = PBXFileReference; lastKnownFileType = sourcecode.swift; path = Analytics.swift; sourceTree = "<group>"; };
		AD2A73B329DE13BA002EC0D3 /* FeedView.swift */ = {isa = PBXFileReference; lastKnownFileType = sourcecode.swift; path = FeedView.swift; sourceTree = "<group>"; };
		AD2A73B529DE38E6002EC0D3 /* StarButton.swift */ = {isa = PBXFileReference; lastKnownFileType = sourcecode.swift; path = StarButton.swift; sourceTree = "<group>"; };
		AD2A73BF2A241905002EC0D3 /* EverydayButton.swift */ = {isa = PBXFileReference; lastKnownFileType = sourcecode.swift; path = EverydayButton.swift; sourceTree = "<group>"; };
		AD2A73C12A2434D5002EC0D3 /* Everydays.swift */ = {isa = PBXFileReference; lastKnownFileType = sourcecode.swift; path = Everydays.swift; sourceTree = "<group>"; };
		AD2A73C32A243F82002EC0D3 /* NotificationUtil.swift */ = {isa = PBXFileReference; lastKnownFileType = sourcecode.swift; path = NotificationUtil.swift; sourceTree = "<group>"; };
		AD2A73C52A2D863E002EC0D3 /* Customer.swift */ = {isa = PBXFileReference; lastKnownFileType = sourcecode.swift; path = Customer.swift; sourceTree = "<group>"; };
		AD76782229D12380008728BB /* Restaurant.swift */ = {isa = PBXFileReference; lastKnownFileType = sourcecode.swift; path = Restaurant.swift; sourceTree = "<group>"; };
		AD76782429D141DE008728BB /* SubmitButton.swift */ = {isa = PBXFileReference; lastKnownFileType = sourcecode.swift; path = SubmitButton.swift; sourceTree = "<group>"; };
		AD76782E29D2221E008728BB /* ActiveDaysBubble.swift */ = {isa = PBXFileReference; lastKnownFileType = sourcecode.swift; path = ActiveDaysBubble.swift; sourceTree = "<group>"; };
		AD80720729A8855C007E263D /* Deal_ioApp.swift */ = {isa = PBXFileReference; lastKnownFileType = sourcecode.swift; path = Deal_ioApp.swift; sourceTree = "<group>"; };
		AD8F1DBB29AD93AA001DBAC1 /* DealService.swift */ = {isa = PBXFileReference; lastKnownFileType = sourcecode.swift; path = DealService.swift; sourceTree = "<group>"; };
		ADA633C029B2F4000032EF44 /* DailyButton.swift */ = {isa = PBXFileReference; lastKnownFileType = sourcecode.swift; path = DailyButton.swift; sourceTree = "<group>"; };
		ADA633C229B2F40C0032EF44 /* UpcomingButton.swift */ = {isa = PBXFileReference; lastKnownFileType = sourcecode.swift; path = UpcomingButton.swift; sourceTree = "<group>"; };
		ADA633CC29B6AA4A0032EF44 /* CreateDealResponse.swift */ = {isa = PBXFileReference; lastKnownFileType = sourcecode.swift; path = CreateDealResponse.swift; sourceTree = "<group>"; };
		ADA633D029B7FED30032EF44 /* HourBubble.swift */ = {isa = PBXFileReference; lastKnownFileType = sourcecode.swift; path = HourBubble.swift; sourceTree = "<group>"; };
		ADA633D629B930240032EF44 /* DateUtil.swift */ = {isa = PBXFileReference; lastKnownFileType = sourcecode.swift; path = DateUtil.swift; sourceTree = "<group>"; };
		ADC4D486299807E500B7BD24 /* deal.io_user.app */ = {isa = PBXFileReference; explicitFileType = wrapper.application; includeInIndex = 0; path = deal.io_user.app; sourceTree = BUILT_PRODUCTS_DIR; };
		ADC4D48D299807E700B7BD24 /* Assets.xcassets */ = {isa = PBXFileReference; lastKnownFileType = folder.assetcatalog; path = Assets.xcassets; sourceTree = "<group>"; };
		ADC4D492299807E700B7BD24 /* Persistence.swift */ = {isa = PBXFileReference; lastKnownFileType = sourcecode.swift; path = Persistence.swift; sourceTree = "<group>"; };
		ADC4D495299807E700B7BD24 /* deal_io_customer.xcdatamodel */ = {isa = PBXFileReference; lastKnownFileType = wrapper.xcdatamodel; path = deal_io_customer.xcdatamodel; sourceTree = "<group>"; };
		ADD318FF29B15AC700800A46 /* test */ = {isa = PBXFileReference; lastKnownFileType = text; path = test; sourceTree = "<group>"; };
		ADF0BBEB29A9F6F400FF24F6 /* DealView.swift */ = {isa = PBXFileReference; lastKnownFileType = sourcecode.swift; path = DealView.swift; sourceTree = "<group>"; };
		ADF0BBED29A9FE0200FF24F6 /* ExpandedDeal.swift */ = {isa = PBXFileReference; lastKnownFileType = sourcecode.swift; path = ExpandedDeal.swift; sourceTree = "<group>"; };
		ADF0BBF129AAEC1800FF24F6 /* Deal-ioColor.swift */ = {isa = PBXFileReference; lastKnownFileType = sourcecode.swift; path = "Deal-ioColor.swift"; sourceTree = "<group>"; };
		ADF6879F29AED67600E86022 /* Welcome.swift */ = {isa = PBXFileReference; lastKnownFileType = sourcecode.swift; path = Welcome.swift; sourceTree = "<group>"; };
		ADF687A129AEDB5600E86022 /* User.swift */ = {isa = PBXFileReference; lastKnownFileType = sourcecode.swift; path = User.swift; sourceTree = "<group>"; };
		ADF687A329AEDB7500E86022 /* WelcomeViewModel.swift */ = {isa = PBXFileReference; lastKnownFileType = sourcecode.swift; path = WelcomeViewModel.swift; sourceTree = "<group>"; };
		ADF687A929AEF31900E86022 /* ContractedDeal.swift */ = {isa = PBXFileReference; lastKnownFileType = sourcecode.swift; path = ContractedDeal.swift; sourceTree = "<group>"; };
		ADF687FA29B001C800E86022 /* ContentView.swift */ = {isa = PBXFileReference; lastKnownFileType = sourcecode.swift; path = ContentView.swift; sourceTree = "<group>"; };
		FB34210329DD0F3A00648DF8 /* GoogleService-Info.plist */ = {isa = PBXFileReference; fileEncoding = 4; lastKnownFileType = text.plist.xml; name = "GoogleService-Info.plist"; path = "../deal.io_producer/deal.io_producer/Auth/DevPlist/GoogleService-Info.plist"; sourceTree = "<group>"; };
		FB353CD729DDF68A00AC0240 /* DailySortButton.swift */ = {isa = PBXFileReference; lastKnownFileType = sourcecode.swift; path = DailySortButton.swift; sourceTree = "<group>"; };
		FB353CD929DE038800AC0240 /* UpcomingSortButton.swift */ = {isa = PBXFileReference; lastKnownFileType = sourcecode.swift; path = UpcomingSortButton.swift; sourceTree = "<group>"; };
		FB353CDE29DE795C00AC0240 /* Favorites.swift */ = {isa = PBXFileReference; lastKnownFileType = sourcecode.swift; path = Favorites.swift; sourceTree = "<group>"; };
		FBBEEAEA29E894F200489A4C /* HelpButton.swift */ = {isa = PBXFileReference; lastKnownFileType = sourcecode.swift; path = HelpButton.swift; sourceTree = "<group>"; };
/* End PBXFileReference section */

/* Begin PBXFrameworksBuildPhase section */
		ADC4D483299807E500B7BD24 /* Frameworks */ = {
			isa = PBXFrameworksBuildPhase;
			buildActionMask = 2147483647;
			files = (
				AD2A73BE29EFA7AA002EC0D3 /* Siren in Frameworks */,
				AD2A73AC29D78A73002EC0D3 /* FirebaseDatabaseSwift in Frameworks */,
				AD2A73A629D78A73002EC0D3 /* FirebaseAnalyticsSwift in Frameworks */,
				AD2A73A829D78A73002EC0D3 /* FirebaseAuth in Frameworks */,
				AD2A73AA29D78A73002EC0D3 /* FirebaseDatabase in Frameworks */,
				AD2A73A429D78A73002EC0D3 /* FirebaseAnalytics in Frameworks */,
			);
			runOnlyForDeploymentPostprocessing = 0;
		};
/* End PBXFrameworksBuildPhase section */

/* Begin PBXGroup section */
		AD00901129A4879300FDB1D3 /* Models */ = {
			isa = PBXGroup;
			children = (
				AD00901429A490D100FDB1D3 /* Deal.swift */,
				ADF687A129AEDB5600E86022 /* User.swift */,
				ADA633CC29B6AA4A0032EF44 /* CreateDealResponse.swift */,
				AD76782229D12380008728BB /* Restaurant.swift */,
				AD2A73C52A2D863E002EC0D3 /* Customer.swift */,
			);
			path = Models;
			sourceTree = "<group>";
		};
		AD00901229A4901600FDB1D3 /* Views */ = {
			isa = PBXGroup;
			children = (
				AD76782129D11D03008728BB /* Colors */,
				AD76782029D11CF8008728BB /* Assets */,
				AD00901C29A58C8300FDB1D3 /* FeedSwitch.swift */,
				ADF0BBEB29A9F6F400FF24F6 /* DealView.swift */,
				ADF6879F29AED67600E86022 /* Welcome.swift */,
				AD2A73B329DE13BA002EC0D3 /* FeedView.swift */,
				FB353CDE29DE795C00AC0240 /* Favorites.swift */,
				AD2A73C12A2434D5002EC0D3 /* Everydays.swift */,
			);
			path = Views;
			sourceTree = "<group>";
		};
		AD00901329A4902600FDB1D3 /* ViewModels */ = {
			isa = PBXGroup;
			children = (
				AD00902029A58CC600FDB1D3 /* UserViewModel.swift */,
				ADF687A329AEDB7500E86022 /* WelcomeViewModel.swift */,
			);
			path = ViewModels;
			sourceTree = "<group>";
		};
		AD2A739F29D778E6002EC0D3 /* User */ = {
			isa = PBXGroup;
			children = (
				AD2A73A029D778FC002EC0D3 /* UserManager.swift */,
				AD2A73AF29D78BCB002EC0D3 /* Analytics.swift */,
			);
			path = User;
			sourceTree = "<group>";
		};
		AD76782029D11CF8008728BB /* Assets */ = {
			isa = PBXGroup;
			children = (
				ADA633C229B2F40C0032EF44 /* UpcomingButton.swift */,
				ADA633C029B2F4000032EF44 /* DailyButton.swift */,
				ADA633D029B7FED30032EF44 /* HourBubble.swift */,
				ADF687A929AEF31900E86022 /* ContractedDeal.swift */,
				ADF0BBED29A9FE0200FF24F6 /* ExpandedDeal.swift */,
				AD76782429D141DE008728BB /* SubmitButton.swift */,
				AD76782E29D2221E008728BB /* ActiveDaysBubble.swift */,
				AD2A739629D22E99002EC0D3 /* FromToTimeBubble.swift */,
				AD2A739829D246B0002EC0D3 /* OpenMaps.swift */,
				AD2A739D29D75666002EC0D3 /* RefreshableScroll.swift */,
				AD2A73B529DE38E6002EC0D3 /* StarButton.swift */,
				FB353CD729DDF68A00AC0240 /* DailySortButton.swift */,
				FB353CD929DE038800AC0240 /* UpcomingSortButton.swift */,
				FBBEEAEA29E894F200489A4C /* HelpButton.swift */,
				AD2A73BF2A241905002EC0D3 /* EverydayButton.swift */,
			);
			path = Assets;
			sourceTree = "<group>";
		};
		AD76782129D11D03008728BB /* Colors */ = {
			isa = PBXGroup;
			children = (
				ADF0BBF129AAEC1800FF24F6 /* Deal-ioColor.swift */,
			);
			path = Colors;
			sourceTree = "<group>";
		};
		AD80720629A884F3007E263D /* Preview Content */ = {
			isa = PBXGroup;
			children = (
				ADD318FF29B15AC700800A46 /* test */,
			);
			path = "Preview Content";
			sourceTree = "<group>";
		};
		AD8F1DBA29AD939B001DBAC1 /* Services */ = {
			isa = PBXGroup;
			children = (
				AD8F1DBB29AD93AA001DBAC1 /* DealService.swift */,
			);
			path = Services;
			sourceTree = "<group>";
		};
		ADA633D529B930150032EF44 /* Utils */ = {
			isa = PBXGroup;
			children = (
				ADA633D629B930240032EF44 /* DateUtil.swift */,
				AD2A73C32A243F82002EC0D3 /* NotificationUtil.swift */,
			);
			path = Utils;
			sourceTree = "<group>";
		};
		ADC4D47D299807E500B7BD24 = {
			isa = PBXGroup;
			children = (
				FB34210329DD0F3A00648DF8 /* GoogleService-Info.plist */,
				AD2A73AD29D78B95002EC0D3 /* GoogleService-Info.plist */,
				ADC4D488299807E500B7BD24 /* deal.io_user */,
				ADC4D487299807E500B7BD24 /* Products */,
			);
			sourceTree = "<group>";
		};
		ADC4D487299807E500B7BD24 /* Products */ = {
			isa = PBXGroup;
			children = (
				ADC4D486299807E500B7BD24 /* deal.io_user.app */,
			);
			name = Products;
			sourceTree = "<group>";
		};
		ADC4D488299807E500B7BD24 /* deal.io_user */ = {
			isa = PBXGroup;
			children = (
				AD2A739F29D778E6002EC0D3 /* User */,
				ADA633D529B930150032EF44 /* Utils */,
				AD00901229A4901600FDB1D3 /* Views */,
				AD00901329A4902600FDB1D3 /* ViewModels */,
				AD00901129A4879300FDB1D3 /* Models */,
				AD8F1DBA29AD939B001DBAC1 /* Services */,
				ADC4D492299807E700B7BD24 /* Persistence.swift */,
				ADC4D48D299807E700B7BD24 /* Assets.xcassets */,
				ADC4D494299807E700B7BD24 /* deal_io_user.xcdatamodeld */,
				ADF687FA29B001C800E86022 /* ContentView.swift */,
				AD80720729A8855C007E263D /* Deal_ioApp.swift */,
				AD80720629A884F3007E263D /* Preview Content */,
				ADF0BC4D29AB2C3900FF24F6 /* Fonts */,
			);
			path = deal.io_user;
			sourceTree = "<group>";
		};
		ADF0BC4D29AB2C3900FF24F6 /* Fonts */ = {
			isa = PBXGroup;
			children = (
			);
			path = Fonts;
			sourceTree = "<group>";
		};
/* End PBXGroup section */

/* Begin PBXNativeTarget section */
		ADC4D485299807E500B7BD24 /* deal.io_user */ = {
			isa = PBXNativeTarget;
			buildConfigurationList = ADC4D499299807E700B7BD24 /* Build configuration list for PBXNativeTarget "deal.io_user" */;
			buildPhases = (
				ADC4D482299807E500B7BD24 /* Sources */,
				ADC4D483299807E500B7BD24 /* Frameworks */,
				ADC4D484299807E500B7BD24 /* Resources */,
			);
			buildRules = (
			);
			dependencies = (
			);
			name = deal.io_user;
			packageProductDependencies = (
				AD2A73A329D78A73002EC0D3 /* FirebaseAnalytics */,
				AD2A73A529D78A73002EC0D3 /* FirebaseAnalyticsSwift */,
				AD2A73A729D78A73002EC0D3 /* FirebaseAuth */,
				AD2A73A929D78A73002EC0D3 /* FirebaseDatabase */,
				AD2A73AB29D78A73002EC0D3 /* FirebaseDatabaseSwift */,
				AD2A73BD29EFA7AA002EC0D3 /* Siren */,
			);
			productName = deal.io_customer;
			productReference = ADC4D486299807E500B7BD24 /* deal.io_user.app */;
			productType = "com.apple.product-type.application";
		};
/* End PBXNativeTarget section */

/* Begin PBXProject section */
		ADC4D47E299807E500B7BD24 /* Project object */ = {
			isa = PBXProject;
			attributes = {
				BuildIndependentTargetsInParallel = 1;
				LastSwiftUpdateCheck = 1420;
				LastUpgradeCheck = 1420;
				TargetAttributes = {
					ADC4D485299807E500B7BD24 = {
						CreatedOnToolsVersion = 14.2;
					};
				};
			};
			buildConfigurationList = ADC4D481299807E500B7BD24 /* Build configuration list for PBXProject "deal.io_user" */;
			compatibilityVersion = "Xcode 14.0";
			developmentRegion = en;
			hasScannedForEncodings = 0;
			knownRegions = (
				en,
				Base,
			);
			mainGroup = ADC4D47D299807E500B7BD24;
			packageReferences = (
				AD2A73A229D78A73002EC0D3 /* XCRemoteSwiftPackageReference "firebase-ios-sdk" */,
				AD2A73BC29EFA7AA002EC0D3 /* XCRemoteSwiftPackageReference "Siren" */,
			);
			productRefGroup = ADC4D487299807E500B7BD24 /* Products */;
			projectDirPath = "";
			projectRoot = "";
			targets = (
				ADC4D485299807E500B7BD24 /* deal.io_user */,
			);
		};
/* End PBXProject section */

/* Begin PBXResourcesBuildPhase section */
		ADC4D484299807E500B7BD24 /* Resources */ = {
			isa = PBXResourcesBuildPhase;
			buildActionMask = 2147483647;
			files = (
				ADD3190029B15AC700800A46 /* test in Resources */,
				FBBEEAEE29E8BC1900489A4C /* GoogleService-Info.plist in Resources */,
				ADC4D48E299807E700B7BD24 /* Assets.xcassets in Resources */,
			);
			runOnlyForDeploymentPostprocessing = 0;
		};
/* End PBXResourcesBuildPhase section */

/* Begin PBXSourcesBuildPhase section */
		ADC4D482299807E500B7BD24 /* Sources */ = {
			isa = PBXSourcesBuildPhase;
			buildActionMask = 2147483647;
			files = (
				ADF687A229AEDB5600E86022 /* User.swift in Sources */,
				FBBEEAEB29E894F200489A4C /* HelpButton.swift in Sources */,
				ADC4D493299807E700B7BD24 /* Persistence.swift in Sources */,
				ADF0BBEC29A9F6F400FF24F6 /* DealView.swift in Sources */,
				AD2A739929D246B0002EC0D3 /* OpenMaps.swift in Sources */,
				ADA633D129B7FED30032EF44 /* HourBubble.swift in Sources */,
				AD2A73B029D78BCB002EC0D3 /* Analytics.swift in Sources */,
				ADF687A429AEDB7500E86022 /* WelcomeViewModel.swift in Sources */,
				AD2A73C42A243F82002EC0D3 /* NotificationUtil.swift in Sources */,
				AD2A73A129D778FC002EC0D3 /* UserManager.swift in Sources */,
				AD80720829A8855C007E263D /* Deal_ioApp.swift in Sources */,
				ADA633C329B2F40C0032EF44 /* UpcomingButton.swift in Sources */,
				AD2A739729D22E99002EC0D3 /* FromToTimeBubble.swift in Sources */,
				AD8F1DBC29AD93AA001DBAC1 /* DealService.swift in Sources */,
				ADA633C129B2F4010032EF44 /* DailyButton.swift in Sources */,
				AD2A739E29D75666002EC0D3 /* RefreshableScroll.swift in Sources */,
				AD76782329D12380008728BB /* Restaurant.swift in Sources */,
				AD00901D29A58C8300FDB1D3 /* FeedSwitch.swift in Sources */,
				AD76782F29D2221E008728BB /* ActiveDaysBubble.swift in Sources */,
				AD2A73C22A2434D5002EC0D3 /* Everydays.swift in Sources */,
				AD2A73B629DE38E6002EC0D3 /* StarButton.swift in Sources */,
				AD76782529D141DE008728BB /* SubmitButton.swift in Sources */,
				AD2A73C02A241905002EC0D3 /* EverydayButton.swift in Sources */,
				AD00902129A58CC600FDB1D3 /* UserViewModel.swift in Sources */,
				ADF687A029AED67600E86022 /* Welcome.swift in Sources */,
				FB353CDF29DE795C00AC0240 /* Favorites.swift in Sources */,
				ADF687AA29AEF31900E86022 /* ContractedDeal.swift in Sources */,
				ADA633CD29B6AA4A0032EF44 /* CreateDealResponse.swift in Sources */,
				AD00901529A490D100FDB1D3 /* Deal.swift in Sources */,
				FB353CDA29DE038800AC0240 /* UpcomingSortButton.swift in Sources */,
				ADF687FB29B001C800E86022 /* ContentView.swift in Sources */,
				AD2A73C62A2D863E002EC0D3 /* Customer.swift in Sources */,
				ADF0BBEE29A9FE0200FF24F6 /* ExpandedDeal.swift in Sources */,
				AD2A73B429DE13BA002EC0D3 /* FeedView.swift in Sources */,
				ADA633D729B930240032EF44 /* DateUtil.swift in Sources */,
				FB353CD829DDF68A00AC0240 /* DailySortButton.swift in Sources */,
				ADC4D496299807E700B7BD24 /* deal_io_user.xcdatamodeld in Sources */,
				ADF0BBF229AAEC1800FF24F6 /* Deal-ioColor.swift in Sources */,
			);
			runOnlyForDeploymentPostprocessing = 0;
		};
/* End PBXSourcesBuildPhase section */

/* Begin XCBuildConfiguration section */
		ADC4D497299807E700B7BD24 /* Debug */ = {
			isa = XCBuildConfiguration;
			buildSettings = {
				ALWAYS_SEARCH_USER_PATHS = NO;
				CLANG_ANALYZER_NONNULL = YES;
				CLANG_ANALYZER_NUMBER_OBJECT_CONVERSION = YES_AGGRESSIVE;
				CLANG_CXX_LANGUAGE_STANDARD = "gnu++20";
				CLANG_ENABLE_MODULES = YES;
				CLANG_ENABLE_OBJC_ARC = YES;
				CLANG_ENABLE_OBJC_WEAK = YES;
				CLANG_WARN_BLOCK_CAPTURE_AUTORELEASING = YES;
				CLANG_WARN_BOOL_CONVERSION = YES;
				CLANG_WARN_COMMA = YES;
				CLANG_WARN_CONSTANT_CONVERSION = YES;
				CLANG_WARN_DEPRECATED_OBJC_IMPLEMENTATIONS = YES;
				CLANG_WARN_DIRECT_OBJC_ISA_USAGE = YES_ERROR;
				CLANG_WARN_DOCUMENTATION_COMMENTS = YES;
				CLANG_WARN_EMPTY_BODY = YES;
				CLANG_WARN_ENUM_CONVERSION = YES;
				CLANG_WARN_INFINITE_RECURSION = YES;
				CLANG_WARN_INT_CONVERSION = YES;
				CLANG_WARN_NON_LITERAL_NULL_CONVERSION = YES;
				CLANG_WARN_OBJC_IMPLICIT_RETAIN_SELF = YES;
				CLANG_WARN_OBJC_LITERAL_CONVERSION = YES;
				CLANG_WARN_OBJC_ROOT_CLASS = YES_ERROR;
				CLANG_WARN_QUOTED_INCLUDE_IN_FRAMEWORK_HEADER = YES;
				CLANG_WARN_RANGE_LOOP_ANALYSIS = YES;
				CLANG_WARN_STRICT_PROTOTYPES = YES;
				CLANG_WARN_SUSPICIOUS_MOVE = YES;
				CLANG_WARN_UNGUARDED_AVAILABILITY = YES_AGGRESSIVE;
				CLANG_WARN_UNREACHABLE_CODE = YES;
				CLANG_WARN__DUPLICATE_METHOD_MATCH = YES;
				COPY_PHASE_STRIP = NO;
				DEBUG_INFORMATION_FORMAT = dwarf;
				ENABLE_STRICT_OBJC_MSGSEND = YES;
				ENABLE_TESTABILITY = YES;
				GCC_C_LANGUAGE_STANDARD = gnu11;
				GCC_DYNAMIC_NO_PIC = NO;
				GCC_NO_COMMON_BLOCKS = YES;
				GCC_OPTIMIZATION_LEVEL = 0;
				GCC_PREPROCESSOR_DEFINITIONS = (
					"DEBUG=1",
					"$(inherited)",
				);
				GCC_WARN_64_TO_32_BIT_CONVERSION = YES;
				GCC_WARN_ABOUT_RETURN_TYPE = YES_ERROR;
				GCC_WARN_UNDECLARED_SELECTOR = YES;
				GCC_WARN_UNINITIALIZED_AUTOS = YES_AGGRESSIVE;
				GCC_WARN_UNUSED_FUNCTION = YES;
				GCC_WARN_UNUSED_VARIABLE = YES;
				IPHONEOS_DEPLOYMENT_TARGET = 16.2;
				MTL_ENABLE_DEBUG_INFO = INCLUDE_SOURCE;
				MTL_FAST_MATH = YES;
				ONLY_ACTIVE_ARCH = YES;
				SDKROOT = iphoneos;
				SWIFT_ACTIVE_COMPILATION_CONDITIONS = DEBUG;
				SWIFT_OPTIMIZATION_LEVEL = "-Onone";
			};
			name = Debug;
		};
		ADC4D498299807E700B7BD24 /* Release */ = {
			isa = XCBuildConfiguration;
			buildSettings = {
				ALWAYS_SEARCH_USER_PATHS = NO;
				CLANG_ANALYZER_NONNULL = YES;
				CLANG_ANALYZER_NUMBER_OBJECT_CONVERSION = YES_AGGRESSIVE;
				CLANG_CXX_LANGUAGE_STANDARD = "gnu++20";
				CLANG_ENABLE_MODULES = YES;
				CLANG_ENABLE_OBJC_ARC = YES;
				CLANG_ENABLE_OBJC_WEAK = YES;
				CLANG_WARN_BLOCK_CAPTURE_AUTORELEASING = YES;
				CLANG_WARN_BOOL_CONVERSION = YES;
				CLANG_WARN_COMMA = YES;
				CLANG_WARN_CONSTANT_CONVERSION = YES;
				CLANG_WARN_DEPRECATED_OBJC_IMPLEMENTATIONS = YES;
				CLANG_WARN_DIRECT_OBJC_ISA_USAGE = YES_ERROR;
				CLANG_WARN_DOCUMENTATION_COMMENTS = YES;
				CLANG_WARN_EMPTY_BODY = YES;
				CLANG_WARN_ENUM_CONVERSION = YES;
				CLANG_WARN_INFINITE_RECURSION = YES;
				CLANG_WARN_INT_CONVERSION = YES;
				CLANG_WARN_NON_LITERAL_NULL_CONVERSION = YES;
				CLANG_WARN_OBJC_IMPLICIT_RETAIN_SELF = YES;
				CLANG_WARN_OBJC_LITERAL_CONVERSION = YES;
				CLANG_WARN_OBJC_ROOT_CLASS = YES_ERROR;
				CLANG_WARN_QUOTED_INCLUDE_IN_FRAMEWORK_HEADER = YES;
				CLANG_WARN_RANGE_LOOP_ANALYSIS = YES;
				CLANG_WARN_STRICT_PROTOTYPES = YES;
				CLANG_WARN_SUSPICIOUS_MOVE = YES;
				CLANG_WARN_UNGUARDED_AVAILABILITY = YES_AGGRESSIVE;
				CLANG_WARN_UNREACHABLE_CODE = YES;
				CLANG_WARN__DUPLICATE_METHOD_MATCH = YES;
				COPY_PHASE_STRIP = NO;
				DEBUG_INFORMATION_FORMAT = "dwarf-with-dsym";
				ENABLE_NS_ASSERTIONS = NO;
				ENABLE_STRICT_OBJC_MSGSEND = YES;
				GCC_C_LANGUAGE_STANDARD = gnu11;
				GCC_NO_COMMON_BLOCKS = YES;
				GCC_WARN_64_TO_32_BIT_CONVERSION = YES;
				GCC_WARN_ABOUT_RETURN_TYPE = YES_ERROR;
				GCC_WARN_UNDECLARED_SELECTOR = YES;
				GCC_WARN_UNINITIALIZED_AUTOS = YES_AGGRESSIVE;
				GCC_WARN_UNUSED_FUNCTION = YES;
				GCC_WARN_UNUSED_VARIABLE = YES;
				IPHONEOS_DEPLOYMENT_TARGET = 16.2;
				MTL_ENABLE_DEBUG_INFO = NO;
				MTL_FAST_MATH = YES;
				SDKROOT = iphoneos;
				SWIFT_COMPILATION_MODE = wholemodule;
				SWIFT_OPTIMIZATION_LEVEL = "-O";
				VALIDATE_PRODUCT = YES;
			};
			name = Release;
		};
		ADC4D49A299807E700B7BD24 /* Debug */ = {
			isa = XCBuildConfiguration;
			buildSettings = {
				ASSETCATALOG_COMPILER_APPICON_NAME = AppIcon;
				ASSETCATALOG_COMPILER_GLOBAL_ACCENT_COLOR_NAME = AccentColor;
				ASSETCATALOG_COMPILER_INCLUDE_ALL_APPICON_ASSETS = NO;
				CODE_SIGN_STYLE = Automatic;
				CURRENT_PROJECT_VERSION = 1;
				DEVELOPMENT_ASSET_PATHS = "\"deal.io_user/Preview Content\"";
				DEVELOPMENT_TEAM = V2UFVZ3SA9;
				ENABLE_PREVIEWS = YES;
				GENERATE_INFOPLIST_FILE = YES;
				INFOPLIST_KEY_CFBundleDisplayName = deal.io;
				INFOPLIST_KEY_LSApplicationCategoryType = "public.app-category.food-and-drink";
				INFOPLIST_KEY_UIApplicationSceneManifest_Generation = YES;
				INFOPLIST_KEY_UIApplicationSupportsIndirectInputEvents = YES;
				INFOPLIST_KEY_UILaunchScreen_Generation = YES;
				INFOPLIST_KEY_UISupportedInterfaceOrientations = UIInterfaceOrientationPortrait;
				INFOPLIST_KEY_UISupportedInterfaceOrientations_iPad = "UIInterfaceOrientationLandscapeLeft UIInterfaceOrientationLandscapeRight UIInterfaceOrientationPortrait UIInterfaceOrientationPortraitUpsideDown";
				IPHONEOS_DEPLOYMENT_TARGET = 15.0;
				LD_RUNPATH_SEARCH_PATHS = (
					"$(inherited)",
					"@executable_path/Frameworks",
				);
				MARKETING_VERSION = 1.5;
				PRODUCT_BUNDLE_IDENTIFIER = "com.intropent.deal-io-user";
				PRODUCT_NAME = "$(TARGET_NAME)";
				SUPPORTED_PLATFORMS = "iphoneos iphonesimulator";
				SUPPORTS_MACCATALYST = NO;
				SUPPORTS_MAC_DESIGNED_FOR_IPHONE_IPAD = NO;
				SWIFT_EMIT_LOC_STRINGS = YES;
				SWIFT_VERSION = 5.0;
				TARGETED_DEVICE_FAMILY = 1;
			};
			name = Debug;
		};
		ADC4D49B299807E700B7BD24 /* Release */ = {
			isa = XCBuildConfiguration;
			buildSettings = {
				ASSETCATALOG_COMPILER_APPICON_NAME = AppIcon;
				ASSETCATALOG_COMPILER_GLOBAL_ACCENT_COLOR_NAME = AccentColor;
				ASSETCATALOG_COMPILER_INCLUDE_ALL_APPICON_ASSETS = NO;
				CODE_SIGN_STYLE = Automatic;
				CURRENT_PROJECT_VERSION = 1;
				DEVELOPMENT_ASSET_PATHS = "\"deal.io_user/Preview Content\"";
				DEVELOPMENT_TEAM = V2UFVZ3SA9;
				ENABLE_PREVIEWS = YES;
				GENERATE_INFOPLIST_FILE = YES;
				INFOPLIST_KEY_CFBundleDisplayName = deal.io;
				INFOPLIST_KEY_LSApplicationCategoryType = "public.app-category.food-and-drink";
				INFOPLIST_KEY_UIApplicationSceneManifest_Generation = YES;
				INFOPLIST_KEY_UIApplicationSupportsIndirectInputEvents = YES;
				INFOPLIST_KEY_UILaunchScreen_Generation = YES;
				INFOPLIST_KEY_UISupportedInterfaceOrientations = UIInterfaceOrientationPortrait;
				INFOPLIST_KEY_UISupportedInterfaceOrientations_iPad = "UIInterfaceOrientationLandscapeLeft UIInterfaceOrientationLandscapeRight UIInterfaceOrientationPortrait UIInterfaceOrientationPortraitUpsideDown";
				IPHONEOS_DEPLOYMENT_TARGET = 15.0;
				LD_RUNPATH_SEARCH_PATHS = (
					"$(inherited)",
					"@executable_path/Frameworks",
				);
				MARKETING_VERSION = 1.5;
				PRODUCT_BUNDLE_IDENTIFIER = "com.intropent.deal-io-user";
				PRODUCT_NAME = "$(TARGET_NAME)";
				SUPPORTED_PLATFORMS = "iphoneos iphonesimulator";
				SUPPORTS_MACCATALYST = NO;
				SUPPORTS_MAC_DESIGNED_FOR_IPHONE_IPAD = NO;
				SWIFT_EMIT_LOC_STRINGS = YES;
				SWIFT_VERSION = 5.0;
				TARGETED_DEVICE_FAMILY = 1;
			};
			name = Release;
		};
/* End XCBuildConfiguration section */

/* Begin XCConfigurationList section */
		ADC4D481299807E500B7BD24 /* Build configuration list for PBXProject "deal.io_user" */ = {
			isa = XCConfigurationList;
			buildConfigurations = (
				ADC4D497299807E700B7BD24 /* Debug */,
				ADC4D498299807E700B7BD24 /* Release */,
			);
			defaultConfigurationIsVisible = 0;
			defaultConfigurationName = Release;
		};
		ADC4D499299807E700B7BD24 /* Build configuration list for PBXNativeTarget "deal.io_user" */ = {
			isa = XCConfigurationList;
			buildConfigurations = (
				ADC4D49A299807E700B7BD24 /* Debug */,
				ADC4D49B299807E700B7BD24 /* Release */,
			);
			defaultConfigurationIsVisible = 0;
			defaultConfigurationName = Release;
		};
/* End XCConfigurationList section */

/* Begin XCRemoteSwiftPackageReference section */
		AD2A73A229D78A73002EC0D3 /* XCRemoteSwiftPackageReference "firebase-ios-sdk" */ = {
			isa = XCRemoteSwiftPackageReference;
			repositoryURL = "https://github.com/firebase/firebase-ios-sdk.git";
			requirement = {
				branch = master;
				kind = branch;
			};
		};
		AD2A73BC29EFA7AA002EC0D3 /* XCRemoteSwiftPackageReference "Siren" */ = {
			isa = XCRemoteSwiftPackageReference;
			repositoryURL = "https://github.com/ArtSabintsev/Siren.git";
			requirement = {
				branch = master;
				kind = branch;
			};
		};
/* End XCRemoteSwiftPackageReference section */

/* Begin XCSwiftPackageProductDependency section */
		AD2A73A329D78A73002EC0D3 /* FirebaseAnalytics */ = {
			isa = XCSwiftPackageProductDependency;
			package = AD2A73A229D78A73002EC0D3 /* XCRemoteSwiftPackageReference "firebase-ios-sdk" */;
			productName = FirebaseAnalytics;
		};
		AD2A73A529D78A73002EC0D3 /* FirebaseAnalyticsSwift */ = {
			isa = XCSwiftPackageProductDependency;
			package = AD2A73A229D78A73002EC0D3 /* XCRemoteSwiftPackageReference "firebase-ios-sdk" */;
			productName = FirebaseAnalyticsSwift;
		};
		AD2A73A729D78A73002EC0D3 /* FirebaseAuth */ = {
			isa = XCSwiftPackageProductDependency;
			package = AD2A73A229D78A73002EC0D3 /* XCRemoteSwiftPackageReference "firebase-ios-sdk" */;
			productName = FirebaseAuth;
		};
		AD2A73A929D78A73002EC0D3 /* FirebaseDatabase */ = {
			isa = XCSwiftPackageProductDependency;
			package = AD2A73A229D78A73002EC0D3 /* XCRemoteSwiftPackageReference "firebase-ios-sdk" */;
			productName = FirebaseDatabase;
		};
		AD2A73AB29D78A73002EC0D3 /* FirebaseDatabaseSwift */ = {
			isa = XCSwiftPackageProductDependency;
			package = AD2A73A229D78A73002EC0D3 /* XCRemoteSwiftPackageReference "firebase-ios-sdk" */;
			productName = FirebaseDatabaseSwift;
		};
		AD2A73BD29EFA7AA002EC0D3 /* Siren */ = {
			isa = XCSwiftPackageProductDependency;
			package = AD2A73BC29EFA7AA002EC0D3 /* XCRemoteSwiftPackageReference "Siren" */;
			productName = Siren;
		};
/* End XCSwiftPackageProductDependency section */

/* Begin XCVersionGroup section */
		ADC4D494299807E700B7BD24 /* deal_io_user.xcdatamodeld */ = {
			isa = XCVersionGroup;
			children = (
				ADC4D495299807E700B7BD24 /* deal_io_customer.xcdatamodel */,
			);
			currentVersion = ADC4D495299807E700B7BD24 /* deal_io_customer.xcdatamodel */;
			path = deal_io_user.xcdatamodeld;
			sourceTree = "<group>";
			versionGroupType = wrapper.xcdatamodel;
		};
/* End XCVersionGroup section */
	};
	rootObject = ADC4D47E299807E500B7BD24 /* Project object */;
}
